{
  "originHash" : "db6856d93d9e72cff62ac3a91be90ba474a4f6b823c915ddfb06c752906218ef",
  "pins" : [
    {
      "identity" : "codeeditlanguages",
      "kind" : "remoteSourceControl",
      "location" : "https://github.com/CodeEditApp/CodeEditLanguages",
      "state" : {
        "revision" : "331d5dbc5fc8513be5848fce8a2a312908f36a11",
        "version" : "0.1.20"
      }
    },
    {
      "identity" : "codeedittextview",
      "kind" : "remoteSourceControl",
      "location" : "https://github.com/CodeEditApp/CodeEditTextView",
      "state" : {
        "revision" : "d7ac3f11f22ec2e820187acce8f3a3fb7aa8ddec",
        "version" : "0.12.1"
      }
    },
    {
      "identity" : "jsonrpc",
      "kind" : "remoteSourceControl",
      "location" : "https://github.com/ChimeHQ/JSONRPC",
      "state" : {
        "revision" : "29987f721374f30e686af40ccffd0b13b14dde1f",
        "version" : "0.9.2"
      }
    },
    {
      "identity" : "languageserverprotocol",
      "kind" : "remoteSourceControl",
      "location" : "https://github.com/ChimeHQ/LanguageServerProtocol",
      "state" : {
        "revision" : "82770aa7d6e54e52f3b4339c49a64ee794ad1cfe",
        "version" : "0.14.1"
      }
    },
    {
      "identity" : "magicalert",
      "kind" : "remoteSourceControl",
      "location" : "https://github.com/nookery/MagicAlert.git",
      "state" : {
        "revision" : "c01ea99ac87530ecc804f082c9311d884bc53418",
        "version" : "1.0.1"
      }
    },
    {
      "identity" : "rearrange",
      "kind" : "remoteSourceControl",
      "location" : "https://github.com/ChimeHQ/Rearrange",
      "state" : {
        "revision" : "4de8be41dba304192e87dc0a11e0aa39e72aa2e8",
        "version" : "2.1.1"
      }
    },
    {
      "identity" : "swift-collections",
      "kind" : "remoteSourceControl",
      "location" : "https://github.com/apple/swift-collections.git",
      "state" : {
        "revision" : "6675bc0ff86e61436e615df6fc5174e043e57924",
        "version" : "1.4.1"
      }
    },
    {
      "identity" : "swiftlintplugin",
      "kind" : "remoteSourceControl",
      "location" : "https://github.com/lukepistrol/SwiftLintPlugin",
      "state" : {
        "revision" : "a3877065a7d72ee40e1fa64e13b9e33e846c667c",
        "version" : "0.63.1"
      }
    },
    {
      "identity" : "swifttreesitter",
      "kind" : "remoteSourceControl",
      "location" : "https://github.com/ChimeHQ/SwiftTreeSitter.git",
      "state" : {
        "revision" : "08ef81eb8620617b55b08868126707ad72bf754f",
        "version" : "0.25.0"
      }
    },
    {
      "identity" : "textformation",
      "kind" : "remoteSourceControl",
      "location" : "https://github.com/ChimeHQ/TextFormation",
      "state" : {
        "revision" : "b1ce9a14bd86042bba4de62236028dc4ce9db6a1",
        "version" : "0.9.0"
      }
    },
    {
      "identity" : "textstory",
      "kind" : "remoteSourceControl",
      "location" : "https://github.com/ChimeHQ/TextStory",
      "state" : {
        "revision" : "a52db1a2eca74d37c8c19bf3165416941632ed45",
        "version" : "0.9.2"
      }
    },
    {
      "identity" : "tree-sitter",
      "kind" : "remoteSourceControl",
      "location" : "https://github.com/tree-sitter/tree-sitter",
      "state" : {
        "revision" : "da6fe9beb4f7f67beb75914ca8e0d48ae48d6406",
        "version" : "0.25.10"
      }
    }
  ],
  "version" : 3
}
