{
  "originHash" : "4a9fa6a33284f54a63e66b32189af466c1fa60306e73be51c4fc2706e593a056",
  "pins" : [
    {
      "identity" : "lumiui",
      "kind" : "remoteSourceControl",
      "location" : "https://github.com/CofficLab/LumiUI.git",
      "state" : {
        "revision" : "43c26a8dc24b6da57838f10f617b67c0def50376",
        "version" : "1.4.0"
      }
    }
  ],
  "version" : 3
}
