// !$*UTF8*$!
{
	archiveVersion = 1;
	classes = {
	};
	objectVersion = 77;
	objects = {

/* Begin PBXBuildFile section */
		0B3231D330111C1600423DC1 /* LumiFactory in Frameworks */ = {isa = PBXBuildFile; productRef = 0B3231D230111C1600423DC1 /* LumiFactory */; };
		AI0000000000000000000001 /* LumiFactory in Frameworks */ = {isa = PBXBuildFile; productRef = AI0000000000000000000010 /* LumiFactory */; };
		BM0000000000000000000001 /* LumiFactory in Frameworks */ = {isa = PBXBuildFile; productRef = BM0000000000000000000010 /* LumiFactory */; };
		CD0000000000000000000001 /* LumiFactory in Frameworks */ = {isa = PBXBuildFile; productRef = CD0000000000000000000010 /* LumiFactory */; };
		DB0000000000000000000001 /* LumiFactory in Frameworks */ = {isa = PBXBuildFile; productRef = DB0000000000000000000010 /* LumiFactory */; };
		F53C3ED12F1A3CB000929321 /* Assets.xcassets in Resources */ = {isa = PBXBuildFile; fileRef = F53C3ECB2F1A3CB000929321 /* Assets.xcassets */; };
		F5CBA19130119F6C00425FF6 /* LumiFactory in Frameworks */ = {isa = PBXBuildFile; productRef = F5CBA19030119F6C00425FF6 /* LumiFactory */; };
		LF000000000000000014 /* LumiFinder.appex in Embed PlugIns */ = {isa = PBXBuildFile; fileRef = LF000000000000000001 /* LumiFinder.appex */; settings = {ATTRIBUTES = (RemoveHeadersOnCopy, ); }; };
		LF000000000000000015 /* SuperLogKit in Frameworks */ = {isa = PBXBuildFile; productRef = LF000000000000000016 /* SuperLogKit */; };
		LF00000000000000001A /* LocalizationKit in Frameworks */ = {isa = PBXBuildFile; productRef = LF000000000000000019 /* LocalizationKit */; };
/* End PBXBuildFile section */

/* Begin PBXContainerItemProxy section */
		LF000000000000000012 /* PBXContainerItemProxy */ = {
			isa = PBXContainerItemProxy;
			containerPortal = F54F8C762F1A3B6500AABB2A /* Project object */;
			proxyType = 1;
			remoteGlobalIDString = LF000000000000000002;
			remoteInfo = LumiFinder;
		};
/* End PBXContainerItemProxy section */

/* Begin PBXCopyFilesBuildPhase section */
		LF000000000000000013 /* Embed PlugIns */ = {
			isa = PBXCopyFilesBuildPhase;
			buildActionMask = 2147483647;
			dstPath = "";
			dstSubfolderSpec = 13;
			files = (
				LF000000000000000014 /* LumiFinder.appex in Embed PlugIns */,
			);
			name = "Embed PlugIns";
			runOnlyForDeploymentPostprocessing = 0;
		};
/* End PBXCopyFilesBuildPhase section */

/* Begin PBXFileReference section */
		AI0000000000000000000002 /* AppIconDesigner.app */ = {isa = PBXFileReference; explicitFileType = wrapper.application; includeInIndex = 0; path = AppIconDesigner.app; sourceTree = BUILT_PRODUCTS_DIR; };
		BM0000000000000000000002 /* BookletMaker.app */ = {isa = PBXFileReference; explicitFileType = wrapper.application; includeInIndex = 0; path = BookletMaker.app; sourceTree = BUILT_PRODUCTS_DIR; };
		CD0000000000000000000002 /* CADDesigner.app */ = {isa = PBXFileReference; explicitFileType = wrapper.application; includeInIndex = 0; path = CADDesigner.app; sourceTree = BUILT_PRODUCTS_DIR; };
		DB0000000000000000000002 /* DatabaseManager.app */ = {isa = PBXFileReference; explicitFileType = wrapper.application; includeInIndex = 0; path = DatabaseManager.app; sourceTree = BUILT_PRODUCTS_DIR; };
		F53C3ECB2F1A3CB000929321 /* Assets.xcassets */ = {isa = PBXFileReference; lastKnownFileType = folder.assetcatalog; path = Assets.xcassets; sourceTree = "<group>"; };
		F53C49142F1A42EC00929321 /* Lumi.app */ = {isa = PBXFileReference; explicitFileType = wrapper.application; includeInIndex = 0; path = Lumi.app; sourceTree = BUILT_PRODUCTS_DIR; };
		LF000000000000000001 /* LumiFinder.appex */ = {isa = PBXFileReference; explicitFileType = "wrapper.app-extension"; includeInIndex = 0; path = LumiFinder.appex; sourceTree = BUILT_PRODUCTS_DIR; };
/* End PBXFileReference section */

/* Begin PBXFileSystemSynchronizedBuildFileExceptionSet section */
		AI0000000000000000000003 /* Exceptions for "AppIconDesignerApp" folder in "AppIconDesigner" target */ = {
			isa = PBXFileSystemSynchronizedBuildFileExceptionSet;
			membershipExceptions = (
				"AppIconDesigner-Info.plist",
			);
			target = AI0000000000000000000009 /* AppIconDesigner */;
		};
		BM0000000000000000000003 /* Exceptions for "BookletMakerApp" folder in "BookletMaker" target */ = {
			isa = PBXFileSystemSynchronizedBuildFileExceptionSet;
			membershipExceptions = (
				"BookletMaker-Info.plist",
			);
			target = BM0000000000000000000009 /* BookletMaker */;
		};
		CD0000000000000000000003 /* Exceptions for "CADDesignerApp" folder in "CADDesigner" target */ = {
			isa = PBXFileSystemSynchronizedBuildFileExceptionSet;
			membershipExceptions = (
				"CADDesigner-Info.plist",
			);
			target = CD0000000000000000000009 /* CADDesigner */;
		};
		DB0000000000000000000003 /* Exceptions for "DatabaseManagerApp" folder in "DatabaseManager" target */ = {
			isa = PBXFileSystemSynchronizedBuildFileExceptionSet;
			membershipExceptions = (
				"DatabaseManager-Info.plist",
			);
			target = DB0000000000000000000009 /* DatabaseManager */;
		};
		F5F4E1E82F3ACC6600C76EA0 /* Exceptions for "LumiApp" folder in "Lumi" target */ = {
			isa = PBXFileSystemSynchronizedBuildFileExceptionSet;
			membershipExceptions = (
				"Lumi-Info.plist",
			);
			target = F54F8C7D2F1A3B6500AABB2A /* Lumi */;
		};
		LF000000000000000010 /* Exceptions for "Plugins/RClickPlugin/FinderExtension" folder in "LumiFinder" target */ = {
			isa = PBXFileSystemSynchronizedBuildFileExceptionSet;
			membershipExceptions = (
				Info.plist,
			);
			target = LF000000000000000002 /* LumiFinder */;
		};
/* End PBXFileSystemSynchronizedBuildFileExceptionSet section */

/* Begin PBXFileSystemSynchronizedRootGroup section */
		AI0000000000000000000004 /* AppIconDesignerApp */ = {
			isa = PBXFileSystemSynchronizedRootGroup;
			exceptions = (
				AI0000000000000000000003 /* Exceptions for "AppIconDesignerApp" folder in "AppIconDesigner" target */,
			);
			path = AppIconDesignerApp;
			sourceTree = "<group>";
		};
		BM0000000000000000000004 /* BookletMakerApp */ = {
			isa = PBXFileSystemSynchronizedRootGroup;
			exceptions = (
				BM0000000000000000000003 /* Exceptions for "BookletMakerApp" folder in "BookletMaker" target */,
			);
			path = BookletMakerApp;
			sourceTree = "<group>";
		};
		CD0000000000000000000004 /* CADDesignerApp */ = {
			isa = PBXFileSystemSynchronizedRootGroup;
			exceptions = (
				CD0000000000000000000003 /* Exceptions for "CADDesignerApp" folder in "CADDesigner" target */,
			);
			path = CADDesignerApp;
			sourceTree = "<group>";
		};
		DB0000000000000000000004 /* DatabaseManagerApp */ = {
			isa = PBXFileSystemSynchronizedRootGroup;
			exceptions = (
				DB0000000000000000000003 /* Exceptions for "DatabaseManagerApp" folder in "DatabaseManager" target */,
			);
			path = DatabaseManagerApp;
			sourceTree = "<group>";
		};
		F5F4DFD42F3ACC5100C76EA0 /* LumiApp */ = {
			isa = PBXFileSystemSynchronizedRootGroup;
			exceptions = (
				F5F4E1E82F3ACC6600C76EA0 /* Exceptions for "LumiApp" folder in "Lumi" target */,
			);
			path = LumiApp;
			sourceTree = "<group>";
		};
		LF000000000000000009 /* Plugins/RClickPlugin/FinderExtension */ = {
			isa = PBXFileSystemSynchronizedRootGroup;
			exceptions = (
				LF000000000000000010 /* Exceptions for "Plugins/RClickPlugin/FinderExtension" folder in "LumiFinder" target */,
			);
			path = Plugins/RClickPlugin/FinderExtension;
			sourceTree = "<group>";
		};
/* End PBXFileSystemSynchronizedRootGroup section */

/* Begin PBXFrameworksBuildPhase section */
		AI0000000000000000000005 /* Frameworks */ = {
			isa = PBXFrameworksBuildPhase;
			buildActionMask = 2147483647;
			files = (
				AI0000000000000000000001 /* LumiFactory in Frameworks */,
			);
			runOnlyForDeploymentPostprocessing = 0;
		};
		BM0000000000000000000005 /* Frameworks */ = {
			isa = PBXFrameworksBuildPhase;
			buildActionMask = 2147483647;
			files = (
				BM0000000000000000000001 /* LumiFactory in Frameworks */,
			);
			runOnlyForDeploymentPostprocessing = 0;
		};
		CD0000000000000000000005 /* Frameworks */ = {
			isa = PBXFrameworksBuildPhase;
			buildActionMask = 2147483647;
			files = (
				CD0000000000000000000001 /* LumiFactory in Frameworks */,
			);
			runOnlyForDeploymentPostprocessing = 0;
		};
		DB0000000000000000000005 /* Frameworks */ = {
			isa = PBXFrameworksBuildPhase;
			buildActionMask = 2147483647;
			files = (
				DB0000000000000000000001 /* LumiFactory in Frameworks */,
			);
			runOnlyForDeploymentPostprocessing = 0;
		};
		F54F8C7B2F1A3B6500AABB2A /* Frameworks */ = {
			isa = PBXFrameworksBuildPhase;
			buildActionMask = 2147483647;
			files = (
				F5CBA19130119F6C00425FF6 /* LumiFactory in Frameworks */,
				0B3231D330111C1600423DC1 /* LumiFactory in Frameworks */,
			);
			runOnlyForDeploymentPostprocessing = 0;
		};
		LF000000000000000004 /* Frameworks */ = {
			isa = PBXFrameworksBuildPhase;
			buildActionMask = 2147483647;
			files = (
				LF000000000000000015 /* SuperLogKit in Frameworks */,
				LF00000000000000001A /* LocalizationKit in Frameworks */,
			);
			runOnlyForDeploymentPostprocessing = 0;
		};
/* End PBXFrameworksBuildPhase section */

/* Begin PBXGroup section */
		0BBD822C30067A13005CCD05 /* Frameworks */ = {
			isa = PBXGroup;
			children = (
			);
			name = Frameworks;
			sourceTree = "<group>";
		};
		F54F8C752F1A3B6500AABB2A = {
			isa = PBXGroup;
			children = (
				F53C3ECB2F1A3CB000929321 /* Assets.xcassets */,
				F5F4DFD42F3ACC5100C76EA0 /* LumiApp */,
				AI0000000000000000000004 /* AppIconDesignerApp */,
				BM0000000000000000000004 /* BookletMakerApp */,
				CD0000000000000000000004 /* CADDesignerApp */,
				DB0000000000000000000004 /* DatabaseManagerApp */,
				LF000000000000000009 /* Plugins/RClickPlugin/FinderExtension */,
				F53C49142F1A42EC00929321 /* Lumi.app */,
				AI0000000000000000000002 /* AppIconDesigner.app */,
				BM0000000000000000000002 /* BookletMaker.app */,
				CD0000000000000000000002 /* CADDesigner.app */,
				DB0000000000000000000002 /* DatabaseManager.app */,
				LF000000000000000001 /* LumiFinder.appex */,
				0BBD822C30067A13005CCD05 /* Frameworks */,
			);
			sourceTree = "<group>";
		};
/* End PBXGroup section */

/* Begin PBXNativeTarget section */
		AI0000000000000000000009 /* AppIconDesigner */ = {
			isa = PBXNativeTarget;
			buildConfigurationList = AI000000000000000000000F /* Build configuration list for PBXNativeTarget "AppIconDesigner" */;
			buildPhases = (
				AI0000000000000000000007 /* Sources */,
				AI0000000000000000000005 /* Frameworks */,
				AI0000000000000000000006 /* Resources */,
			);
			buildRules = (
			);
			dependencies = (
			);
			fileSystemSynchronizedGroups = (
				AI0000000000000000000004 /* AppIconDesignerApp */,
			);
			name = AppIconDesigner;
			packageProductDependencies = (
				AI0000000000000000000010 /* LumiFactory */,
			);
			productName = AppIconDesigner;
			productReference = AI0000000000000000000002 /* AppIconDesigner.app */;
			productType = "com.apple.product-type.application";
		};
		BM0000000000000000000009 /* BookletMaker */ = {
			isa = PBXNativeTarget;
			buildConfigurationList = BM000000000000000000000F /* Build configuration list for PBXNativeTarget "BookletMaker" */;
			buildPhases = (
				BM0000000000000000000007 /* Sources */,
				BM0000000000000000000005 /* Frameworks */,
				BM0000000000000000000006 /* Resources */,
			);
			buildRules = (
			);
			dependencies = (
			);
			fileSystemSynchronizedGroups = (
				BM0000000000000000000004 /* BookletMakerApp */,
			);
			name = BookletMaker;
			packageProductDependencies = (
				BM0000000000000000000010 /* LumiFactory */,
			);
			productName = BookletMaker;
			productReference = BM0000000000000000000002 /* BookletMaker.app */;
			productType = "com.apple.product-type.application";
		};
		CD0000000000000000000009 /* CADDesigner */ = {
			isa = PBXNativeTarget;
			buildConfigurationList = CD000000000000000000000F /* Build configuration list for PBXNativeTarget "CADDesigner" */;
			buildPhases = (
				CD0000000000000000000007 /* Sources */,
				CD0000000000000000000005 /* Frameworks */,
				CD0000000000000000000006 /* Resources */,
			);
			buildRules = (
			);
			dependencies = (
			);
			fileSystemSynchronizedGroups = (
				CD0000000000000000000004 /* CADDesignerApp */,
			);
			name = CADDesigner;
			packageProductDependencies = (
				CD0000000000000000000010 /* LumiFactory */,
			);
			productName = CADDesigner;
			productReference = CD0000000000000000000002 /* CADDesigner.app */;
			productType = "com.apple.product-type.application";
		};
		DB0000000000000000000009 /* DatabaseManager */ = {
			isa = PBXNativeTarget;
			buildConfigurationList = DB000000000000000000000F /* Build configuration list for PBXNativeTarget "DatabaseManager" */;
			buildPhases = (
				DB0000000000000000000007 /* Sources */,
				DB0000000000000000000005 /* Frameworks */,
				DB0000000000000000000006 /* Resources */,
			);
			buildRules = (
			);
			dependencies = (
			);
			fileSystemSynchronizedGroups = (
				DB0000000000000000000004 /* DatabaseManagerApp */,
			);
			name = DatabaseManager;
			packageProductDependencies = (
				DB0000000000000000000010 /* LumiFactory */,
			);
			productName = DatabaseManager;
			productReference = DB0000000000000000000002 /* DatabaseManager.app */;
			productType = "com.apple.product-type.application";
		};
		F54F8C7D2F1A3B6500AABB2A /* Lumi */ = {
			isa = PBXNativeTarget;
			buildConfigurationList = F54F8C8A2F1A3B6600AABB2A /* Build configuration list for PBXNativeTarget "Lumi" */;
			buildPhases = (
				F54F8C7A2F1A3B6500AABB2A /* Sources */,
				F54F8C7B2F1A3B6500AABB2A /* Frameworks */,
				F54F8C7C2F1A3B6500AABB2A /* Resources */,
				LF000000000000000013 /* Embed PlugIns */,
				F5A4E9203026524000A90001 /* Embed Signed RAG Vector Extension */,
				IPH1000000000000000001 /* Embed Inline Preview Host */,
			);
			buildRules = (
			);
			dependencies = (
				LF000000000000000011 /* PBXTargetDependency */,
			);
			fileSystemSynchronizedGroups = (
				F5F4DFD42F3ACC5100C76EA0 /* LumiApp */,
			);
			name = Lumi;
			packageProductDependencies = (
				0B3231D230111C1600423DC1 /* LumiFactory */,
				F5CBA19030119F6C00425FF6 /* LumiFactory */,
			);
			productName = Lumi;
			productReference = F53C49142F1A42EC00929321 /* Lumi.app */;
			productType = "com.apple.product-type.application";
		};
		LF000000000000000002 /* LumiFinder */ = {
			isa = PBXNativeTarget;
			buildConfigurationList = LF000000000000000008 /* Build configuration list for PBXNativeTarget "LumiFinder" */;
			buildPhases = (
				LF000000000000000003 /* Sources */,
				LF000000000000000004 /* Frameworks */,
				LF000000000000000005 /* Resources */,
			);
			buildRules = (
			);
			dependencies = (
			);
			fileSystemSynchronizedGroups = (
				LF000000000000000009 /* Plugins/RClickPlugin/FinderExtension */,
			);
			name = LumiFinder;
			packageProductDependencies = (
				LF000000000000000016 /* SuperLogKit */,
				LF000000000000000019 /* LocalizationKit */,
			);
			productName = LumiFinder;
			productReference = LF000000000000000001 /* LumiFinder.appex */;
			productType = "com.apple.product-type.app-extension";
		};
/* End PBXNativeTarget section */

/* Begin PBXProject section */
		F54F8C762F1A3B6500AABB2A /* Project object */ = {
			isa = PBXProject;
			attributes = {
				BuildIndependentTargetsInParallel = 1;
				LastSwiftUpdateCheck = 2620;
				LastUpgradeCheck = 2620;
				TargetAttributes = {
					AI0000000000000000000009 = {
						CreatedOnToolsVersion = 16.4;
					};
					BM0000000000000000000009 = {
						CreatedOnToolsVersion = 16.4;
					};
					CD0000000000000000000009 = {
						CreatedOnToolsVersion = 16.4;
					};
					DB0000000000000000000009 = {
						CreatedOnToolsVersion = 16.4;
					};
					F54F8C7D2F1A3B6500AABB2A = {
						CreatedOnToolsVersion = 16.4;
					};
					LF000000000000000002 = {
						CreatedOnToolsVersion = 16.4;
					};
				};
			};
			buildConfigurationList = F54F8C792F1A3B6500AABB2A /* Build configuration list for PBXProject "Lumi" */;
			developmentRegion = en;
			hasScannedForEncodings = 0;
			knownRegions = (
				en,
				Base,
				"zh-Hans",
				"zh-Hant",
				"zh-HK",
			);
			mainGroup = F54F8C752F1A3B6500AABB2A;
			minimizedProjectReferenceProxies = 1;
			packageReferences = (
				F5CBA19C3011A02800425FF6 /* XCLocalSwiftPackageReference "Packages/LumiFactory" */,
				LF000000000000000017 /* XCLocalSwiftPackageReference "Packages/SuperLogKit" */,
				LF000000000000000018 /* XCLocalSwiftPackageReference "Packages/LocalizationKit" */,
			);
			preferredProjectObjectVersion = 77;
			productRefGroup = F54F8C752F1A3B6500AABB2A;
			projectDirPath = "";
			projectRoot = "";
			targets = (
				F54F8C7D2F1A3B6500AABB2A /* Lumi */,
				BM0000000000000000000009 /* BookletMaker */,
				AI0000000000000000000009 /* AppIconDesigner */,
				CD0000000000000000000009 /* CADDesigner */,
				DB0000000000000000000009 /* DatabaseManager */,
				LF000000000000000002 /* LumiFinder */,
			);
		};
/* End PBXProject section */

/* Begin PBXResourcesBuildPhase section */
		AI0000000000000000000006 /* Resources */ = {
			isa = PBXResourcesBuildPhase;
			buildActionMask = 2147483647;
			files = (
			);
			runOnlyForDeploymentPostprocessing = 0;
		};
		BM0000000000000000000006 /* Resources */ = {
			isa = PBXResourcesBuildPhase;
			buildActionMask = 2147483647;
			files = (
			);
			runOnlyForDeploymentPostprocessing = 0;
		};
		CD0000000000000000000006 /* Resources */ = {
			isa = PBXResourcesBuildPhase;
			buildActionMask = 2147483647;
			files = (
			);
			runOnlyForDeploymentPostprocessing = 0;
		};
		DB0000000000000000000006 /* Resources */ = {
			isa = PBXResourcesBuildPhase;
			buildActionMask = 2147483647;
			files = (
			);
			runOnlyForDeploymentPostprocessing = 0;
		};
		F54F8C7C2F1A3B6500AABB2A /* Resources */ = {
			isa = PBXResourcesBuildPhase;
			buildActionMask = 2147483647;
			files = (
				F53C3ED12F1A3CB000929321 /* Assets.xcassets in Resources */,
			);
			runOnlyForDeploymentPostprocessing = 0;
		};
		LF000000000000000005 /* Resources */ = {
			isa = PBXResourcesBuildPhase;
			buildActionMask = 2147483647;
			files = (
			);
			runOnlyForDeploymentPostprocessing = 0;
		};
/* End PBXResourcesBuildPhase section */

/* Begin PBXShellScriptBuildPhase section */
		F5A4E9203026524000A90001 /* Embed Signed RAG Vector Extension */ = {
			isa = PBXShellScriptBuildPhase;
			alwaysOutOfDate = 1;
			buildActionMask = 2147483647;
			files = (
			);
			inputFileListPaths = (
			);
			inputPaths = (
				"$(SRCROOT)/Plugins/ProjectRAGPlugin/Resources/vec0.dylib",
			);
			name = "Embed Signed RAG Vector Extension";
			outputFileListPaths = (
			);
			outputPaths = (
				"$(TARGET_BUILD_DIR)/$(FRAMEWORKS_FOLDER_PATH)/vec0.dylib",
			);
			runOnlyForDeploymentPostprocessing = 0;
			shellPath = /bin/zsh;
			shellScript = "set -euo pipefail\n\nAPP_RESOURCES=\"${TARGET_BUILD_DIR}/${UNLOCALIZED_RESOURCES_FOLDER_PATH}\"\nAPP_FRAMEWORKS=\"${TARGET_BUILD_DIR}/${FRAMEWORKS_FOLDER_PATH}\"\nSOURCE=\"\"\n\nif [[ -d \"${APP_RESOURCES}\" ]]; then\n  SOURCE=\"$(/usr/bin/find \"${APP_RESOURCES}\" -path '*ProjectRAGPlugin_ProjectRAGPlugin.bundle*' -name 'vec0.dylib' -type f -print -quit)\"\nfi\n\nif [[ -z \"${SOURCE}\" ]]; then\n  SOURCE=\"${SRCROOT}/Plugins/ProjectRAGPlugin/Resources/vec0.dylib\"\nfi\n\nDEST=\"${APP_FRAMEWORKS}/vec0.dylib\"\n/bin/mkdir -p \"${APP_FRAMEWORKS}\"\n/bin/cp -f \"${SOURCE}\" \"${DEST}\"\n/bin/chmod 755 \"${DEST}\"\n\nif [[ \"${CODE_SIGNING_ALLOWED:-NO}\" == \"YES\" ]]; then\n  SIGN_IDENTITY=\"${EXPANDED_CODE_SIGN_IDENTITY:-}\"\n  if [[ -z \"${SIGN_IDENTITY}\" ]]; then\n    SIGN_IDENTITY=\"${CODE_SIGN_IDENTITY:-}\"\n  fi\n  if [[ -n \"${SIGN_IDENTITY}\" ]]; then\n    /usr/bin/codesign --force --sign \"${SIGN_IDENTITY}\" --timestamp=none \"${DEST}\"\n  fi\nfi\n";
		};
		IPH1000000000000000001 /* Embed Inline Preview Host */ = {
			isa = PBXShellScriptBuildPhase;
			alwaysOutOfDate = 1;
			buildActionMask = 2147483647;
			files = (
			);
			inputFileListPaths = (
			);
			inputPaths = (
			);
			name = "Embed Inline Preview Host";
			outputFileListPaths = (
			);
			outputPaths = (
				"$(TARGET_BUILD_DIR)/$(CONTENTS_FOLDER_PATH)/Helpers/LumiPreviewHostApp",
			);
			runOnlyForDeploymentPostprocessing = 0;
			shellPath = /bin/zsh;
			shellScript = "\"${SRCROOT}/Packages/LumiPreviewKit/scripts/embed-inline-preview-host.sh\"\n";
		};
/* End PBXShellScriptBuildPhase section */

/* Begin PBXSourcesBuildPhase section */
		AI0000000000000000000007 /* Sources */ = {
			isa = PBXSourcesBuildPhase;
			buildActionMask = 2147483647;
			files = (
			);
			runOnlyForDeploymentPostprocessing = 0;
		};
		BM0000000000000000000007 /* Sources */ = {
			isa = PBXSourcesBuildPhase;
			buildActionMask = 2147483647;
			files = (
			);
			runOnlyForDeploymentPostprocessing = 0;
		};
		CD0000000000000000000007 /* Sources */ = {
			isa = PBXSourcesBuildPhase;
			buildActionMask = 2147483647;
			files = (
			);
			runOnlyForDeploymentPostprocessing = 0;
		};
		DB0000000000000000000007 /* Sources */ = {
			isa = PBXSourcesBuildPhase;
			buildActionMask = 2147483647;
			files = (
			);
			runOnlyForDeploymentPostprocessing = 0;
		};
		F54F8C7A2F1A3B6500AABB2A /* Sources */ = {
			isa = PBXSourcesBuildPhase;
			buildActionMask = 2147483647;
			files = (
			);
			runOnlyForDeploymentPostprocessing = 0;
		};
		LF000000000000000003 /* Sources */ = {
			isa = PBXSourcesBuildPhase;
			buildActionMask = 2147483647;
			files = (
			);
			runOnlyForDeploymentPostprocessing = 0;
		};
/* End PBXSourcesBuildPhase section */

/* Begin PBXTargetDependency section */
		LF000000000000000011 /* PBXTargetDependency */ = {
			isa = PBXTargetDependency;
			target = LF000000000000000002 /* LumiFinder */;
			targetProxy = LF000000000000000012 /* PBXContainerItemProxy */;
		};
/* End PBXTargetDependency section */

/* Begin XCBuildConfiguration section */
		AI000000000000000000000D /* Debug */ = {
			isa = XCBuildConfiguration;
			buildSettings = {
				ASSETCATALOG_COMPILER_APPICON_NAME = AppIcon;
				CODE_SIGN_ENTITLEMENTS = AppIconDesignerApp/App.entitlements;
				CODE_SIGN_IDENTITY = "Apple Development";
				CODE_SIGN_STYLE = Automatic;
				COMBINE_HIDPI_IMAGES = YES;
				CURRENT_PROJECT_VERSION = 1;
				DEAD_CODE_STRIPPING = YES;
				DEVELOPMENT_TEAM = Y6HZ9JJYV6;
				ENABLE_APP_SANDBOX = NO;
				ENABLE_HARDENED_RUNTIME = YES;
				ENABLE_PREVIEWS = YES;
				ENABLE_USER_SELECTED_FILES = readwrite;
				GENERATE_INFOPLIST_FILE = YES;
				INFOPLIST_FILE = "AppIconDesignerApp/AppIconDesigner-Info.plist";
				INFOPLIST_KEY_CFBundleDisplayName = AppIconDesigner;
				LD_RUNPATH_SEARCH_PATHS = (
					"$(inherited)",
					"@executable_path/../Frameworks",
				);
				MARKETING_VERSION = 1.0.0;
				PRODUCT_BUNDLE_IDENTIFIER = com.coffic.appicondesigner;
				PRODUCT_NAME = "$(TARGET_NAME)";
				SWIFT_EMIT_LOC_STRINGS = YES;
				SWIFT_VERSION = 6.0;
			};
			name = Debug;
		};
		AI000000000000000000000E /* Release */ = {
			isa = XCBuildConfiguration;
			buildSettings = {
				ASSETCATALOG_COMPILER_APPICON_NAME = AppIcon;
				CODE_SIGN_ENTITLEMENTS = AppIconDesignerApp/App.entitlements;
				CODE_SIGN_IDENTITY = "Apple Development";
				CODE_SIGN_STYLE = Automatic;
				COMBINE_HIDPI_IMAGES = YES;
				CURRENT_PROJECT_VERSION = 1;
				DEAD_CODE_STRIPPING = YES;
				DEVELOPMENT_TEAM = Y6HZ9JJYV6;
				ENABLE_APP_SANDBOX = NO;
				ENABLE_HARDENED_RUNTIME = YES;
				ENABLE_PREVIEWS = YES;
				ENABLE_USER_SELECTED_FILES = readwrite;
				GENERATE_INFOPLIST_FILE = YES;
				INFOPLIST_FILE = "AppIconDesignerApp/AppIconDesigner-Info.plist";
				INFOPLIST_KEY_CFBundleDisplayName = AppIconDesigner;
				LD_RUNPATH_SEARCH_PATHS = (
					"$(inherited)",
					"@executable_path/../Frameworks",
				);
				MARKETING_VERSION = 1.0.0;
				PRODUCT_BUNDLE_IDENTIFIER = com.coffic.appicondesigner;
				PRODUCT_NAME = "$(TARGET_NAME)";
				SWIFT_EMIT_LOC_STRINGS = YES;
				SWIFT_VERSION = 6.0;
			};
			name = Release;
		};
		BM000000000000000000000D /* Debug */ = {
			isa = XCBuildConfiguration;
			buildSettings = {
				ASSETCATALOG_COMPILER_APPICON_NAME = AppIcon;
				CODE_SIGN_ENTITLEMENTS = BookletMakerApp/App.entitlements;
				CODE_SIGN_IDENTITY = "Apple Development";
				CODE_SIGN_STYLE = Automatic;
				COMBINE_HIDPI_IMAGES = YES;
				CURRENT_PROJECT_VERSION = 1;
				DEAD_CODE_STRIPPING = YES;
				DEVELOPMENT_TEAM = Y6HZ9JJYV6;
				ENABLE_APP_SANDBOX = NO;
				ENABLE_HARDENED_RUNTIME = YES;
				ENABLE_PREVIEWS = YES;
				ENABLE_USER_SELECTED_FILES = readwrite;
				GENERATE_INFOPLIST_FILE = YES;
				INFOPLIST_FILE = "BookletMakerApp/BookletMaker-Info.plist";
				INFOPLIST_KEY_CFBundleDisplayName = BookletMaker;
				INFOPLIST_KEY_LSApplicationCategoryType = "public.app-category.utilities";
				LD_RUNPATH_SEARCH_PATHS = (
					"$(inherited)",
					"@executable_path/../Frameworks",
				);
				MARKETING_VERSION = 1.0.0;
				PRODUCT_BUNDLE_IDENTIFIER = com.coffic.bookletmaker;
				PRODUCT_NAME = "$(TARGET_NAME)";
				SWIFT_EMIT_LOC_STRINGS = YES;
				SWIFT_VERSION = 6.0;
			};
			name = Debug;
		};
		BM000000000000000000000E /* Release */ = {
			isa = XCBuildConfiguration;
			buildSettings = {
				ASSETCATALOG_COMPILER_APPICON_NAME = AppIcon;
				CODE_SIGN_ENTITLEMENTS = BookletMakerApp/App.entitlements;
				CODE_SIGN_IDENTITY = "Apple Development";
				CODE_SIGN_STYLE = Automatic;
				COMBINE_HIDPI_IMAGES = YES;
				CURRENT_PROJECT_VERSION = 1;
				DEAD_CODE_STRIPPING = YES;
				DEVELOPMENT_TEAM = Y6HZ9JJYV6;
				ENABLE_APP_SANDBOX = NO;
				ENABLE_HARDENED_RUNTIME = YES;
				ENABLE_PREVIEWS = YES;
				ENABLE_USER_SELECTED_FILES = readwrite;
				GENERATE_INFOPLIST_FILE = YES;
				INFOPLIST_FILE = "BookletMakerApp/BookletMaker-Info.plist";
				INFOPLIST_KEY_CFBundleDisplayName = BookletMaker;
				INFOPLIST_KEY_LSApplicationCategoryType = "public.app-category.utilities";
				LD_RUNPATH_SEARCH_PATHS = (
					"$(inherited)",
					"@executable_path/../Frameworks",
				);
				MARKETING_VERSION = 1.0.0;
				PRODUCT_BUNDLE_IDENTIFIER = com.coffic.bookletmaker;
				PRODUCT_NAME = "$(TARGET_NAME)";
				SWIFT_EMIT_LOC_STRINGS = YES;
				SWIFT_VERSION = 6.0;
			};
			name = Release;
		};
		CD000000000000000000000D /* Debug */ = {
			isa = XCBuildConfiguration;
			buildSettings = {
				ASSETCATALOG_COMPILER_APPICON_NAME = AppIcon;
				CODE_SIGN_ENTITLEMENTS = CADDesignerApp/App.entitlements;
				CODE_SIGN_IDENTITY = "Apple Development";
				CODE_SIGN_STYLE = Automatic;
				COMBINE_HIDPI_IMAGES = YES;
				CURRENT_PROJECT_VERSION = 1;
				DEAD_CODE_STRIPPING = YES;
				DEVELOPMENT_TEAM = Y6HZ9JJYV6;
				ENABLE_APP_SANDBOX = NO;
				ENABLE_HARDENED_RUNTIME = YES;
				ENABLE_PREVIEWS = YES;
				ENABLE_USER_SELECTED_FILES = readwrite;
				GENERATE_INFOPLIST_FILE = YES;
				INFOPLIST_FILE = "CADDesignerApp/CADDesigner-Info.plist";
				INFOPLIST_KEY_CFBundleDisplayName = CADDesigner;
				LD_RUNPATH_SEARCH_PATHS = (
					"$(inherited)",
					"@executable_path/../Frameworks",
				);
				MARKETING_VERSION = 1.0.0;
				PRODUCT_BUNDLE_IDENTIFIER = com.coffic.caddesigner;
				PRODUCT_NAME = "$(TARGET_NAME)";
				SWIFT_EMIT_LOC_STRINGS = YES;
				SWIFT_VERSION = 6.0;
			};
			name = Debug;
		};
		CD000000000000000000000E /* Release */ = {
			isa = XCBuildConfiguration;
			buildSettings = {
				ASSETCATALOG_COMPILER_APPICON_NAME = AppIcon;
				CODE_SIGN_ENTITLEMENTS = CADDesignerApp/App.entitlements;
				CODE_SIGN_IDENTITY = "Apple Development";
				CODE_SIGN_STYLE = Automatic;
				COMBINE_HIDPI_IMAGES = YES;
				CURRENT_PROJECT_VERSION = 1;
				DEAD_CODE_STRIPPING = YES;
				DEVELOPMENT_TEAM = Y6HZ9JJYV6;
				ENABLE_APP_SANDBOX = NO;
				ENABLE_HARDENED_RUNTIME = YES;
				ENABLE_PREVIEWS = YES;
				ENABLE_USER_SELECTED_FILES = readwrite;
				GENERATE_INFOPLIST_FILE = YES;
				INFOPLIST_FILE = "CADDesignerApp/CADDesigner-Info.plist";
				INFOPLIST_KEY_CFBundleDisplayName = CADDesigner;
				LD_RUNPATH_SEARCH_PATHS = (
					"$(inherited)",
					"@executable_path/../Frameworks",
				);
				MARKETING_VERSION = 1.0.0;
				PRODUCT_BUNDLE_IDENTIFIER = com.coffic.caddesigner;
				PRODUCT_NAME = "$(TARGET_NAME)";
				SWIFT_EMIT_LOC_STRINGS = YES;
				SWIFT_VERSION = 6.0;
			};
			name = Release;
		};
		DB000000000000000000000D /* Debug */ = {
			isa = XCBuildConfiguration;
			buildSettings = {
				CODE_SIGN_ENTITLEMENTS = DatabaseManagerApp/App.entitlements;
				CODE_SIGN_IDENTITY = "Apple Development";
				CODE_SIGN_STYLE = Automatic;
				COMBINE_HIDPI_IMAGES = YES;
				CURRENT_PROJECT_VERSION = 1;
				DEAD_CODE_STRIPPING = YES;
				DEVELOPMENT_TEAM = Y6HZ9JJYV6;
				ENABLE_APP_SANDBOX = NO;
				ENABLE_HARDENED_RUNTIME = YES;
				ENABLE_PREVIEWS = YES;
				ENABLE_USER_SELECTED_FILES = readwrite;
				GENERATE_INFOPLIST_FILE = YES;
				INFOPLIST_FILE = "DatabaseManagerApp/DatabaseManager-Info.plist";
				INFOPLIST_KEY_CFBundleDisplayName = DatabaseManager;
				LD_RUNPATH_SEARCH_PATHS = (
					"$(inherited)",
					"@executable_path/../Frameworks",
				);
				MARKETING_VERSION = 1.0.0;
				PRODUCT_BUNDLE_IDENTIFIER = com.coffic.databasemanager;
				PRODUCT_NAME = "$(TARGET_NAME)";
				SWIFT_EMIT_LOC_STRINGS = YES;
				SWIFT_VERSION = 6.0;
			};
			name = Debug;
		};
		DB000000000000000000000E /* Release */ = {
			isa = XCBuildConfiguration;
			buildSettings = {
				CODE_SIGN_ENTITLEMENTS = DatabaseManagerApp/App.entitlements;
				CODE_SIGN_IDENTITY = "Apple Development";
				CODE_SIGN_STYLE = Automatic;
				COMBINE_HIDPI_IMAGES = YES;
				CURRENT_PROJECT_VERSION = 1;
				DEAD_CODE_STRIPPING = YES;
				DEVELOPMENT_TEAM = Y6HZ9JJYV6;
				ENABLE_APP_SANDBOX = NO;
				ENABLE_HARDENED_RUNTIME = YES;
				ENABLE_PREVIEWS = YES;
				ENABLE_USER_SELECTED_FILES = readwrite;
				GENERATE_INFOPLIST_FILE = YES;
				INFOPLIST_FILE = "DatabaseManagerApp/DatabaseManager-Info.plist";
				INFOPLIST_KEY_CFBundleDisplayName = DatabaseManager;
				LD_RUNPATH_SEARCH_PATHS = (
					"$(inherited)",
					"@executable_path/../Frameworks",
				);
				MARKETING_VERSION = 1.0.0;
				PRODUCT_BUNDLE_IDENTIFIER = com.coffic.databasemanager;
				PRODUCT_NAME = "$(TARGET_NAME)";
				SWIFT_EMIT_LOC_STRINGS = YES;
				SWIFT_VERSION = 6.0;
			};
			name = Release;
		};
		F54F8C882F1A3B6600AABB2A /* Debug */ = {
			isa = XCBuildConfiguration;
			buildSettings = {
				ALWAYS_SEARCH_USER_PATHS = NO;
				CLANG_ANALYZER_NONNULL = YES;
				CLANG_ANALYZER_NUMBER_OBJECT_CONVERSION = YES_AGGRESSIVE;
				CLANG_CXX_LANGUAGE_STANDARD = "gnu++20";
				CLANG_ENABLE_MODULES = YES;
				CLANG_ENABLE_OBJC_ARC = YES;
				CLANG_ENABLE_OBJC_WEAK = YES;
				CLANG_WARN_BLOCK_CAPTURE_AUTORELEASING = YES;
				CLANG_WARN_BOOL_CONVERSION = YES;
				CLANG_WARN_COMMA = YES;
				CLANG_WARN_CONSTANT_CONVERSION = YES;
				CLANG_WARN_DEPRECATED_OBJC_IMPLEMENTATIONS = YES;
				CLANG_WARN_DIRECT_OBJC_ISA_USAGE = YES_ERROR;
				CLANG_WARN_DOCUMENTATION_COMMENTS = YES;
				CLANG_WARN_EMPTY_BODY = YES;
				CLANG_WARN_ENUM_CONVERSION = YES;
				CLANG_WARN_INFINITE_RECURSION = YES;
				CLANG_WARN_INT_CONVERSION = YES;
				CLANG_WARN_NON_LITERAL_NULL_CONVERSION = YES;
				CLANG_WARN_OBJC_IMPLICIT_RETAIN_SELF = YES;
				CLANG_WARN_OBJC_LITERAL_CONVERSION = YES;
				CLANG_WARN_OBJC_ROOT_CLASS = YES_ERROR;
				CLANG_WARN_QUOTED_INCLUDE_IN_FRAMEWORK_HEADER = YES;
				CLANG_WARN_RANGE_LOOP_ANALYSIS = YES;
				CLANG_WARN_STRICT_PROTOTYPES = YES;
				CLANG_WARN_SUSPICIOUS_MOVE = YES;
				CLANG_WARN_UNGUARDED_AVAILABILITY = YES_AGGRESSIVE;
				CLANG_WARN_UNREACHABLE_CODE = YES;
				CLANG_WARN__DUPLICATE_METHOD_MATCH = YES;
				COPY_PHASE_STRIP = NO;
				DEBUG_INFORMATION_FORMAT = dwarf;
				DEVELOPMENT_TEAM = Y6HZ9JJYV6;
				ENABLE_STRICT_OBJC_MSGSEND = YES;
				ENABLE_TESTABILITY = YES;
				ENABLE_USER_SCRIPT_SANDBOXING = NO;
				GCC_C_LANGUAGE_STANDARD = gnu17;
				GCC_DYNAMIC_NO_PIC = NO;
				GCC_NO_COMMON_BLOCKS = YES;
				GCC_OPTIMIZATION_LEVEL = 0;
				GCC_PREPROCESSOR_DEFINITIONS = (
					"DEBUG=1",
					"$(inherited)",
				);
				GCC_WARN_64_TO_32_BIT_CONVERSION = YES;
				GCC_WARN_ABOUT_RETURN_TYPE = YES_ERROR;
				GCC_WARN_UNDECLARED_SELECTOR = YES;
				GCC_WARN_UNINITIALIZED_AUTOS = YES_AGGRESSIVE;
				GCC_WARN_UNUSED_FUNCTION = YES;
				GCC_WARN_UNUSED_VARIABLE = YES;
				LOCALIZATION_PREFERS_STRING_CATALOGS = YES;
				MACOSX_DEPLOYMENT_TARGET = 14.0;
				MTL_ENABLE_DEBUG_INFO = INCLUDE_SOURCE;
				MTL_FAST_MATH = YES;
				ONLY_ACTIVE_ARCH = YES;
				SDKROOT = macosx;
				STRING_CATALOG_GENERATE_SYMBOLS = YES;
				SWIFT_ACTIVE_COMPILATION_CONDITIONS = "DEBUG $(inherited)";
				SWIFT_EMIT_LOC_STRINGS = YES;
				SWIFT_OPTIMIZATION_LEVEL = "-Onone";
			};
			name = Debug;
		};
		F54F8C892F1A3B6600AABB2A /* Release */ = {
			isa = XCBuildConfiguration;
			buildSettings = {
				ALWAYS_SEARCH_USER_PATHS = NO;
				CLANG_ANALYZER_NONNULL = YES;
				CLANG_ANALYZER_NUMBER_OBJECT_CONVERSION = YES_AGGRESSIVE;
				CLANG_CXX_LANGUAGE_STANDARD = "gnu++20";
				CLANG_ENABLE_MODULES = YES;
				CLANG_ENABLE_OBJC_ARC = YES;
				CLANG_ENABLE_OBJC_WEAK = YES;
				CLANG_WARN_BLOCK_CAPTURE_AUTORELEASING = YES;
				CLANG_WARN_BOOL_CONVERSION = YES;
				CLANG_WARN_COMMA = YES;
				CLANG_WARN_CONSTANT_CONVERSION = YES;
				CLANG_WARN_DEPRECATED_OBJC_IMPLEMENTATIONS = YES;
				CLANG_WARN_DIRECT_OBJC_ISA_USAGE = YES_ERROR;
				CLANG_WARN_DOCUMENTATION_COMMENTS = YES;
				CLANG_WARN_EMPTY_BODY = YES;
				CLANG_WARN_ENUM_CONVERSION = YES;
				CLANG_WARN_INFINITE_RECURSION = YES;
				CLANG_WARN_INT_CONVERSION = YES;
				CLANG_WARN_NON_LITERAL_NULL_CONVERSION = YES;
				CLANG_WARN_OBJC_IMPLICIT_RETAIN_SELF = YES;
				CLANG_WARN_OBJC_LITERAL_CONVERSION = YES;
				CLANG_WARN_OBJC_ROOT_CLASS = YES_ERROR;
				CLANG_WARN_QUOTED_INCLUDE_IN_FRAMEWORK_HEADER = YES;
				CLANG_WARN_RANGE_LOOP_ANALYSIS = YES;
				CLANG_WARN_STRICT_PROTOTYPES = YES;
				CLANG_WARN_SUSPICIOUS_MOVE = YES;
				CLANG_WARN_UNGUARDED_AVAILABILITY = YES_AGGRESSIVE;
				CLANG_WARN_UNREACHABLE_CODE = YES;
				CLANG_WARN__DUPLICATE_METHOD_MATCH = YES;
				COPY_PHASE_STRIP = NO;
				DEAD_CODE_STRIPPING = YES;
				DEBUG_INFORMATION_FORMAT = "dwarf-with-dsym";
				DEVELOPMENT_TEAM = Y6HZ9JJYV6;
				ENABLE_NS_ASSERTIONS = NO;
				ENABLE_STRICT_OBJC_MSGSEND = YES;
				ENABLE_USER_SCRIPT_SANDBOXING = NO;
				GCC_C_LANGUAGE_STANDARD = gnu17;
				GCC_NO_COMMON_BLOCKS = YES;
				GCC_WARN_64_TO_32_BIT_CONVERSION = YES;
				GCC_WARN_ABOUT_RETURN_TYPE = YES_ERROR;
				GCC_WARN_UNDECLARED_SELECTOR = YES;
				GCC_WARN_UNINITIALIZED_AUTOS = YES_AGGRESSIVE;
				GCC_WARN_UNUSED_FUNCTION = YES;
				GCC_WARN_UNUSED_VARIABLE = YES;
				LOCALIZATION_PREFERS_STRING_CATALOGS = YES;
				MACOSX_DEPLOYMENT_TARGET = 14.0;
				MTL_ENABLE_DEBUG_INFO = NO;
				MTL_FAST_MATH = YES;
				SDKROOT = macosx;
				STRING_CATALOG_GENERATE_SYMBOLS = YES;
				SWIFT_COMPILATION_MODE = wholemodule;
				SWIFT_EMIT_LOC_STRINGS = YES;
			};
			name = Release;
		};
		F54F8C8B2F1A3B6600AABB2A /* Debug */ = {
			isa = XCBuildConfiguration;
			buildSettings = {
				ASSETCATALOG_COMPILER_APPICON_NAME = AppIcon;
				ASSETCATALOG_COMPILER_GLOBAL_ACCENT_COLOR_NAME = AccentColor;
				CODE_SIGN_ENTITLEMENTS = LumiApp/App.entitlements;
				CODE_SIGN_IDENTITY = "Apple Development";
				CODE_SIGN_STYLE = Automatic;
				COMBINE_HIDPI_IMAGES = YES;
				CURRENT_PROJECT_VERSION = 524;
				DEAD_CODE_STRIPPING = YES;
				DEVELOPMENT_TEAM = Y6HZ9JJYV6;
				ENABLE_APP_SANDBOX = NO;
				ENABLE_HARDENED_RUNTIME = YES;
				ENABLE_OUTGOING_NETWORK_CONNECTIONS = YES;
				ENABLE_PREVIEWS = YES;
				ENABLE_USER_SELECTED_FILES = readonly;
				GENERATE_INFOPLIST_FILE = YES;
				INFOPLIST_FILE = "LumiApp/Lumi-Info.plist";
				INFOPLIST_KEY_CFBundleDisplayName = "Lumi (Debug)";
				INFOPLIST_KEY_LSApplicationCategoryType = "public.app-category.utilities";
				INFOPLIST_KEY_NSHumanReadableCopyright = "";
				LD_RUNPATH_SEARCH_PATHS = (
					"$(inherited)",
					"@executable_path/../Frameworks",
				);
				MARKETING_VERSION = 5.8.2;
				LUMI_ALLOWS_APP_UPDATES = NO;
				LUMI_APP_GROUP_IDENTIFIER = group.com.coffic.lumi.debug;
				LUMI_ENVIRONMENT = debug;
				LUMI_KEYCHAIN_SERVICE_SUFFIX = ".debug";
				LUMI_URL_SCHEME = "lumi-debug";
				PRODUCT_BUNDLE_IDENTIFIER = com.coffic.lumi.debug;
				PRODUCT_NAME = "$(TARGET_NAME)";
				PROVISIONING_PROFILE_SPECIFIER = "";
				SWIFT_EMIT_LOC_STRINGS = YES;
				SWIFT_VERSION = 6.0;
			};
			name = Debug;
		};
		F54F8C8C2F1A3B6600AABB2A /* Release */ = {
			isa = XCBuildConfiguration;
			buildSettings = {
				ASSETCATALOG_COMPILER_APPICON_NAME = AppIcon;
				ASSETCATALOG_COMPILER_GLOBAL_ACCENT_COLOR_NAME = AccentColor;
				CODE_SIGN_ENTITLEMENTS = LumiApp/App.entitlements;
				CODE_SIGN_IDENTITY = "Apple Development";
				CODE_SIGN_STYLE = Automatic;
				COMBINE_HIDPI_IMAGES = YES;
				CURRENT_PROJECT_VERSION = 524;
				DEAD_CODE_STRIPPING = YES;
				DEVELOPMENT_TEAM = Y6HZ9JJYV6;
				ENABLE_APP_SANDBOX = NO;
				ENABLE_HARDENED_RUNTIME = YES;
				ENABLE_OUTGOING_NETWORK_CONNECTIONS = YES;
				ENABLE_PREVIEWS = YES;
				ENABLE_USER_SELECTED_FILES = readonly;
				GENERATE_INFOPLIST_FILE = YES;
				INFOPLIST_FILE = "LumiApp/Lumi-Info.plist";
				INFOPLIST_KEY_CFBundleDisplayName = Lumi;
				INFOPLIST_KEY_LSApplicationCategoryType = "public.app-category.utilities";
				INFOPLIST_KEY_NSHumanReadableCopyright = "";
				LD_RUNPATH_SEARCH_PATHS = (
					"$(inherited)",
					"@executable_path/../Frameworks",
				);
				MARKETING_VERSION = 5.8.2;
				LUMI_ALLOWS_APP_UPDATES = YES;
				LUMI_APP_GROUP_IDENTIFIER = group.com.coffic.lumi;
				LUMI_ENVIRONMENT = release;
				LUMI_KEYCHAIN_SERVICE_SUFFIX = "";
				LUMI_URL_SCHEME = lumi;
				PRODUCT_BUNDLE_IDENTIFIER = com.coffic.lumi;
				PRODUCT_NAME = "$(TARGET_NAME)";
				PROVISIONING_PROFILE_SPECIFIER = "";
				SWIFT_EMIT_LOC_STRINGS = YES;
				SWIFT_VERSION = 6.0;
			};
			name = Release;
		};
		LF000000000000000006 /* Debug */ = {
			isa = XCBuildConfiguration;
			buildSettings = {
				CODE_SIGN_ENTITLEMENTS = Plugins/RClickPlugin/FinderExtension/LumiFinder.entitlements;
				CODE_SIGN_IDENTITY = "Apple Development";
				CODE_SIGN_STYLE = Automatic;
				CURRENT_PROJECT_VERSION = 524;
				DEVELOPMENT_TEAM = Y6HZ9JJYV6;
				ENABLE_APP_SANDBOX = YES;
				ENABLE_HARDENED_RUNTIME = YES;
				GENERATE_INFOPLIST_FILE = NO;
				INFOPLIST_FILE = Plugins/RClickPlugin/FinderExtension/Info.plist;
				LD_RUNPATH_SEARCH_PATHS = (
					"$(inherited)",
					"@executable_path/../Frameworks",
					"@executable_path/../../../../Frameworks",
				);
				MACOSX_DEPLOYMENT_TARGET = 14.0;
				MARKETING_VERSION = 5.8.2;
				LUMI_APP_GROUP_IDENTIFIER = group.com.coffic.lumi.debug;
				LUMI_FINDER_DISPLAY_NAME = "Lumi Finder (Debug)";
				LUMI_URL_SCHEME = "lumi-debug";
				PRODUCT_BUNDLE_IDENTIFIER = com.coffic.lumi.debug.finder;
				PRODUCT_NAME = "$(TARGET_NAME)";
				SWIFT_EMIT_LOC_STRINGS = YES;
				SWIFT_VERSION = 6.0;
			};
			name = Debug;
		};
		LF000000000000000007 /* Release */ = {
			isa = XCBuildConfiguration;
			buildSettings = {
				CODE_SIGN_ENTITLEMENTS = Plugins/RClickPlugin/FinderExtension/LumiFinder.entitlements;
				CODE_SIGN_IDENTITY = "Apple Development";
				CODE_SIGN_STYLE = Automatic;
				CURRENT_PROJECT_VERSION = 524;
				DEVELOPMENT_TEAM = Y6HZ9JJYV6;
				ENABLE_APP_SANDBOX = YES;
				ENABLE_HARDENED_RUNTIME = YES;
				GENERATE_INFOPLIST_FILE = NO;
				INFOPLIST_FILE = Plugins/RClickPlugin/FinderExtension/Info.plist;
				LD_RUNPATH_SEARCH_PATHS = (
					"$(inherited)",
					"@executable_path/../Frameworks",
					"@executable_path/../../../../Frameworks",
				);
				MACOSX_DEPLOYMENT_TARGET = 14.0;
				MARKETING_VERSION = 5.8.0;
				LUMI_APP_GROUP_IDENTIFIER = group.com.coffic.lumi;
				LUMI_FINDER_DISPLAY_NAME = "Lumi Finder";
				LUMI_URL_SCHEME = lumi;
				PRODUCT_BUNDLE_IDENTIFIER = com.coffic.lumi.finder;
				PRODUCT_NAME = "$(TARGET_NAME)";
				SWIFT_EMIT_LOC_STRINGS = YES;
				SWIFT_VERSION = 6.0;
			};
			name = Release;
		};
/* End XCBuildConfiguration section */

/* Begin XCConfigurationList section */
		AI000000000000000000000F /* Build configuration list for PBXNativeTarget "AppIconDesigner" */ = {
			isa = XCConfigurationList;
			buildConfigurations = (
				AI000000000000000000000D /* Debug */,
				AI000000000000000000000E /* Release */,
			);
			defaultConfigurationIsVisible = 0;
			defaultConfigurationName = Release;
		};
		BM000000000000000000000F /* Build configuration list for PBXNativeTarget "BookletMaker" */ = {
			isa = XCConfigurationList;
			buildConfigurations = (
				BM000000000000000000000D /* Debug */,
				BM000000000000000000000E /* Release */,
			);
			defaultConfigurationIsVisible = 0;
			defaultConfigurationName = Release;
		};
		CD000000000000000000000F /* Build configuration list for PBXNativeTarget "CADDesigner" */ = {
			isa = XCConfigurationList;
			buildConfigurations = (
				CD000000000000000000000D /* Debug */,
				CD000000000000000000000E /* Release */,
			);
			defaultConfigurationIsVisible = 0;
			defaultConfigurationName = Release;
		};
		DB000000000000000000000F /* Build configuration list for PBXNativeTarget "DatabaseManager" */ = {
			isa = XCConfigurationList;
			buildConfigurations = (
				DB000000000000000000000D /* Debug */,
				DB000000000000000000000E /* Release */,
			);
			defaultConfigurationIsVisible = 0;
			defaultConfigurationName = Release;
		};
		F54F8C792F1A3B6500AABB2A /* Build configuration list for PBXProject "Lumi" */ = {
			isa = XCConfigurationList;
			buildConfigurations = (
				F54F8C882F1A3B6600AABB2A /* Debug */,
				F54F8C892F1A3B6600AABB2A /* Release */,
			);
			defaultConfigurationIsVisible = 0;
			defaultConfigurationName = Release;
		};
		F54F8C8A2F1A3B6600AABB2A /* Build configuration list for PBXNativeTarget "Lumi" */ = {
			isa = XCConfigurationList;
			buildConfigurations = (
				F54F8C8B2F1A3B6600AABB2A /* Debug */,
				F54F8C8C2F1A3B6600AABB2A /* Release */,
			);
			defaultConfigurationIsVisible = 0;
			defaultConfigurationName = Release;
		};
		LF000000000000000008 /* Build configuration list for PBXNativeTarget "LumiFinder" */ = {
			isa = XCConfigurationList;
			buildConfigurations = (
				LF000000000000000006 /* Debug */,
				LF000000000000000007 /* Release */,
			);
			defaultConfigurationIsVisible = 0;
			defaultConfigurationName = Release;
		};
/* End XCConfigurationList section */

/* Begin XCLocalSwiftPackageReference section */
		F5CBA19C3011A02800425FF6 /* XCLocalSwiftPackageReference "Packages/LumiFactory" */ = {
			isa = XCLocalSwiftPackageReference;
			relativePath = Packages/LumiFactory;
		};
		LF000000000000000017 /* XCLocalSwiftPackageReference "Packages/SuperLogKit" */ = {
			isa = XCLocalSwiftPackageReference;
			relativePath = Packages/SuperLogKit;
		};
		LF000000000000000018 /* XCLocalSwiftPackageReference "Packages/LocalizationKit" */ = {
			isa = XCLocalSwiftPackageReference;
			relativePath = Packages/LocalizationKit;
		};
/* End XCLocalSwiftPackageReference section */

/* Begin XCSwiftPackageProductDependency section */
		0B3231D230111C1600423DC1 /* LumiFactory */ = {
			isa = XCSwiftPackageProductDependency;
			productName = LumiFactory;
		};
		AI0000000000000000000010 /* LumiFactory */ = {
			isa = XCSwiftPackageProductDependency;
			productName = LumiFactory;
		};
		BM0000000000000000000010 /* LumiFactory */ = {
			isa = XCSwiftPackageProductDependency;
			productName = LumiFactory;
		};
		CD0000000000000000000010 /* LumiFactory */ = {
			isa = XCSwiftPackageProductDependency;
			productName = LumiFactory;
		};
		DB0000000000000000000010 /* LumiFactory */ = {
			isa = XCSwiftPackageProductDependency;
			productName = LumiFactory;
		};
		F5CBA19030119F6C00425FF6 /* LumiFactory */ = {
			isa = XCSwiftPackageProductDependency;
			productName = LumiFactory;
		};
		LF000000000000000016 /* SuperLogKit */ = {
			isa = XCSwiftPackageProductDependency;
			productName = SuperLogKit;
		};
		LF000000000000000019 /* LocalizationKit */ = {
			isa = XCSwiftPackageProductDependency;
			productName = LocalizationKit;
		};
/* End XCSwiftPackageProductDependency section */
	};
	rootObject = F54F8C762F1A3B6500AABB2A /* Project object */;
}
