// !$*UTF8*$!
{
	archiveVersion = 1;
	classes = {
	};
	objectVersion = 77;
	objects = {

/* Begin PBXBuildFile section */
		ESV1000000000000000002 /* EditorService in Frameworks */ = {isa = PBXBuildFile; productRef = ESV1000000000000000001 /* EditorService */; };
		F53C3ED12F1A3CB000929321 /* Assets.xcassets in Resources */ = {isa = PBXBuildFile; fileRef = F53C3ECB2F1A3CB000929321 /* Assets.xcassets */; };
		LCK1000000000000000002 /* LumiChatKit in Frameworks */ = {isa = PBXBuildFile; productRef = LCK1000000000000000001 /* LumiChatKit */; };
		LPR1000000000000000002 /* LumiPluginRegistry in Frameworks */ = {isa = PBXBuildFile; productRef = LPR1000000000000000001 /* LumiPluginRegistry */; };
		LUI1000000000000000002 /* LumiUI in Frameworks */ = {isa = PBXBuildFile; productRef = LUI1000000000000000001 /* LumiUI */; };
		SPK1000000000000000002 /* Sparkle in Frameworks */ = {isa = PBXBuildFile; productRef = SPK1000000000000000001 /* Sparkle */; };
/* End PBXBuildFile section */

/* Begin PBXFileReference section */
		F53C3ECB2F1A3CB000929321 /* Assets.xcassets */ = {isa = PBXFileReference; lastKnownFileType = folder.assetcatalog; path = Assets.xcassets; sourceTree = "<group>"; };
		F53C49142F1A42EC00929321 /* Lumi.app */ = {isa = PBXFileReference; explicitFileType = wrapper.application; includeInIndex = 0; path = Lumi.app; sourceTree = BUILT_PRODUCTS_DIR; };
/* End PBXFileReference section */

/* Begin PBXFileSystemSynchronizedBuildFileExceptionSet section */
		F5459B023006316000B552EC /* Exceptions for "Plugins" folder in "Lumi" target */ = {
			isa = PBXFileSystemSynchronizedBuildFileExceptionSet;
			membershipExceptions = (
				ActivityHeatmapPlugin,
				AgentDelayMessagePlugin,
				AgentRAGPlugin,
				AgentRulesPlugin,
				AgentTempStoragePlugin,
				AgentTurnNotificationPlugin,
				AppIconDesignerPlugin,
				AppLoadedPluginsPlugin,
				AppManagerPlugin,
				AppStoreConnectPlugin,
				AppUpdateStatusBarPlugin,
				AskUserPlugin,
				AutoTaskPlugin,
				BrewManagerPlugin,
				BrowserPlugin,
				CADDesignerPlugin,
				CaffeinatePlugin,
				ChatModePlugin,
				ChatPanelPlugin,
				ClipboardManagerPlugin,
				CodeReviewPlugin,
				ConversationForkPlugin,
				ConversationLanguagePlugin,
				ConversationListPlugin,
				ConversationNewPlugin,
				ConversationTimelinePlugin,
				ConversationTitlePlugin,
				DatabaseManagerPlugin,
				DeviceInfoPlugin,
				DiskManagerPlugin,
				DisplayControlPlugin,
				DockerManagerPlugin,
				DocxReadPlugin,
				DownloadPlugin,
				EditorBreadcrumbNavPlugin,
				EditorCallHierarchyPlugin,
				EditorFileTreePlugin,
				EditorFileTreeV2Plugin,
				EditorOutlinePlugin,
				EditorPanelPlugin,
				EditorPreviewPlugin,
				EditorProblemsPlugin,
				EditorReferencesPlugin,
				EditorSearchPlugin,
				EditorStickySymbolBarPlugin,
				EditorSwiftPlugin,
				EditorSymbolsPlugin,
				EditorTabStripPlugin,
				EditorTerminalPlugin,
				FileLogPlugin,
				FontConfigPlugin,
				GitHubPlugin,
				GitPlugin,
				HistoryDBStatusBarPlugin,
				HostsManagerPlugin,
				IdleTimePlugin,
				InputPlugin,
				LayoutPlugin,
				LLMProviderAiRouterPlugin,
				LLMProviderAliyunPlugin,
				LLMProviderAnthropicPlugin,
				LLMProviderCodexPlugin,
				LLMProviderDeepSeekPlugin,
				LLMProviderFeifeimiaoPlugin,
				LLMProviderFlyMuxPlugin,
				LLMProviderFreeModelPlugin,
				LLMProviderHappyCodePlugin,
				LLMProviderHyperAPIPlugin,
				LLMProviderLPgptPlugin,
				LLMProviderMegaLLMPlugin,
				LLMProviderMiniMaxPlugin,
				LLMProviderMLXPlugin,
				LLMProviderOpenAIPlugin,
				LLMProviderOpenRouterPlugin,
				LLMProviderStepFunPlugin,
				LLMProviderSublyxPlugin,
				LLMProviderXiaomiPlugin,
				LLMProviderXybbzPlugin,
				LLMProviderZhipuPlugin,
				LogoCofficPlugin,
				LogoSmartLightPlugin,
				MemoryPlugin,
				MenuBarManagerPlugin,
				MessageListPlugin,
				MessageRendererPlugin,
				ModelSelectorPlugin,
				MultiAgentPlugin,
				NettoPlugin,
				NetworkManagerPlugin,
				OnboardingPlugin,
				OpenInAntigravityPlugin,
				OpenInCursorPlugin,
				OpenInFinderPlugin,
				OpenInGitHubDesktopPlugin,
				OpenInGitOKPlugin,
				OpenInXcodePlugin,
				OpenRemotePlugin,
				PortManagerPlugin,
				ProjectIssueScannerPlugin,
				ProjectOverviewPlugin,
				ProjectsPlugin,
				QuickFileSearchPlugin,
				QuickLauncherPlugin,
				RClickPlugin,
				RegistryManagerPlugin,
				RequestLogPlugin,
				ShowImagePlugin,
				SkillPlugin,
				TerminalPlugin,
				ThemeAuroraPlugin,
				ThemeAutumnPlugin,
				ThemeDraculaPlugin,
				ThemeGithubPlugin,
				ThemeLumiPlugin,
				ThemeMidnightPlugin,
				ThemeMountainPlugin,
				ThemeNebulaPlugin,
				ThemeOneDarkPlugin,
				ThemeOrchardPlugin,
				ThemeRiverPlugin,
				ThemeSkyPlugin,
				ThemeSpringPlugin,
				ThemeStatusBarPlugin,
				ThemeSummerPlugin,
				ThemeVoidPlugin,
				ThemeVscodePlugin,
				ThemeWinterPlugin,
				ToolCorePlugin,
				VerbosityPlugin,
				VideoConverterPlugin,
				WebFetchPlugin,
				WebSearchPlugin,
			);
			target = F54F8C7D2F1A3B6500AABB2A /* Lumi */;
		};
		F5459B293006316F00B552EC /* Exceptions for "Packages" folder in "Lumi" target */ = {
			isa = PBXFileSystemSynchronizedBuildFileExceptionSet;
			membershipExceptions = (
				AgentToolKit,
				DiskManagerKit,
				DownloadKit,
				EditorChatInputKit,
				EditorKernel,
				EditorLanguageRuntime,
				EditorService,
				EditorSource,
				EditorTextView,
				FileTreeKit,
				GitBranchMonitorKit,
				GitHubKit,
				HTMLPreviewKit,
				HttpKit,
				LLMKit,
				LLMProviderKit,
				LumiChatKit,
				LumiCoreKit,
				LumiLLMProviderSupport,
				LumiLocalizationKit,
				LumiPluginRegistry,
				LumiPreviewKit,
				LumiUI,
				MarkdownKit,
				MCPKit,
				ModelRouterKit,
				OpenInKit,
				ProjectProfileKit,
				RAGKit,
				ShellKit,
				StringCatalogKit,
				SuperLogKit,
				TerminalCoreKit,
				WebFetchKit,
				WorkspaceFileKit,
				XcodeKit,
				XcodeProjectGen,
			);
			target = F54F8C7D2F1A3B6500AABB2A /* Lumi */;
		};
		F5F4E1E82F3ACC6600C76EA0 /* Exceptions for "LumiApp" folder in "Lumi" target */ = {
			isa = PBXFileSystemSynchronizedBuildFileExceptionSet;
			membershipExceptions = (
				"Lumi-Info.plist",
			);
			target = F54F8C7D2F1A3B6500AABB2A /* Lumi */;
		};
/* End PBXFileSystemSynchronizedBuildFileExceptionSet section */

/* Begin PBXFileSystemSynchronizedRootGroup section */
		F5459B013006315F00B552EC /* Plugins */ = {
			isa = PBXFileSystemSynchronizedRootGroup;
			exceptions = (
				F5459B023006316000B552EC /* Exceptions for "Plugins" folder in "Lumi" target */,
			);
			path = Plugins;
			sourceTree = "<group>";
		};
		F5459B283006316F00B552EC /* Packages */ = {
			isa = PBXFileSystemSynchronizedRootGroup;
			exceptions = (
				F5459B293006316F00B552EC /* Exceptions for "Packages" folder in "Lumi" target */,
			);
			path = Packages;
			sourceTree = "<group>";
		};
		F5F4DFD42F3ACC5100C76EA0 /* LumiApp */ = {
			isa = PBXFileSystemSynchronizedRootGroup;
			exceptions = (
				F5F4E1E82F3ACC6600C76EA0 /* Exceptions for "LumiApp" folder in "Lumi" target */,
			);
			path = LumiApp;
			sourceTree = "<group>";
		};
/* End PBXFileSystemSynchronizedRootGroup section */

/* Begin PBXFrameworksBuildPhase section */
		F54F8C7B2F1A3B6500AABB2A /* Frameworks */ = {
			isa = PBXFrameworksBuildPhase;
			buildActionMask = 2147483647;
			files = (
				ESV1000000000000000002 /* EditorService in Frameworks */,
				LCK1000000000000000002 /* LumiChatKit in Frameworks */,
				LUI1000000000000000002 /* LumiUI in Frameworks */,
				LPR1000000000000000002 /* LumiPluginRegistry in Frameworks */,
				SPK1000000000000000002 /* Sparkle in Frameworks */,
			);
			runOnlyForDeploymentPostprocessing = 0;
		};
/* End PBXFrameworksBuildPhase section */

/* Begin PBXGroup section */
		F54F8C752F1A3B6500AABB2A = {
			isa = PBXGroup;
			children = (
				F5459B283006316F00B552EC /* Packages */,
				F5459B013006315F00B552EC /* Plugins */,
				F53C3ECB2F1A3CB000929321 /* Assets.xcassets */,
				F5F4DFD42F3ACC5100C76EA0 /* LumiApp */,
				F53C49142F1A42EC00929321 /* Lumi.app */,
			);
			sourceTree = "<group>";
		};
/* End PBXGroup section */

/* Begin PBXNativeTarget section */
		F54F8C7D2F1A3B6500AABB2A /* Lumi */ = {
			isa = PBXNativeTarget;
			buildConfigurationList = F54F8C8A2F1A3B6600AABB2A /* Build configuration list for PBXNativeTarget "Lumi" */;
			buildPhases = (
				F54F8C7A2F1A3B6500AABB2A /* Sources */,
				F54F8C7B2F1A3B6500AABB2A /* Frameworks */,
				F54F8C7C2F1A3B6500AABB2A /* Resources */,
				IPH1000000000000000001 /* Embed Inline Preview Host */,
			);
			buildRules = (
			);
			dependencies = (
			);
			fileSystemSynchronizedGroups = (
				F5459B013006315F00B552EC /* Plugins */,
				F5459B283006316F00B552EC /* Packages */,
				F5F4DFD42F3ACC5100C76EA0 /* LumiApp */,
			);
			name = Lumi;
			packageProductDependencies = (
				ESV1000000000000000001 /* EditorService */,
				LCK1000000000000000001 /* LumiChatKit */,
				LUI1000000000000000001 /* LumiUI */,
				LPR1000000000000000001 /* LumiPluginRegistry */,
				SPK1000000000000000001 /* Sparkle */,
			);
			productName = Lumi;
			productReference = F53C49142F1A42EC00929321 /* Lumi.app */;
			productType = "com.apple.product-type.application";
		};
/* End PBXNativeTarget section */

/* Begin PBXProject section */
		F54F8C762F1A3B6500AABB2A /* Project object */ = {
			isa = PBXProject;
			attributes = {
				BuildIndependentTargetsInParallel = 1;
				LastSwiftUpdateCheck = 2620;
				LastUpgradeCheck = 2620;
				TargetAttributes = {
					F54F8C7D2F1A3B6500AABB2A = {
						CreatedOnToolsVersion = 16.4;
					};
				};
			};
			buildConfigurationList = F54F8C792F1A3B6500AABB2A /* Build configuration list for PBXProject "Lumi" */;
			developmentRegion = en;
			hasScannedForEncodings = 0;
			knownRegions = (
				en,
				Base,
				"zh-Hans",
				"zh-Hant",
				"zh-HK",
			);
			mainGroup = F54F8C752F1A3B6500AABB2A;
			minimizedProjectReferenceProxies = 1;
			packageReferences = (
				ESV1000000000000000003 /* XCLocalSwiftPackageReference "Packages/EditorService" */,
				LCK1000000000000000003 /* XCLocalSwiftPackageReference "Packages/LumiChatKit" */,
				LUI1000000000000000003 /* XCLocalSwiftPackageReference "Packages/LumiUI" */,
				LPR1000000000000000003 /* XCLocalSwiftPackageReference "Packages/LumiPluginRegistry" */,
				SPK1000000000000000003 /* XCRemoteSwiftPackageReference "Sparkle" */,
			);
			preferredProjectObjectVersion = 77;
			productRefGroup = F54F8C752F1A3B6500AABB2A;
			projectDirPath = "";
			projectRoot = "";
			targets = (
				F54F8C7D2F1A3B6500AABB2A /* Lumi */,
			);
		};
/* End PBXProject section */

/* Begin PBXResourcesBuildPhase section */
		F54F8C7C2F1A3B6500AABB2A /* Resources */ = {
			isa = PBXResourcesBuildPhase;
			buildActionMask = 2147483647;
			files = (
				F53C3ED12F1A3CB000929321 /* Assets.xcassets in Resources */,
			);
			runOnlyForDeploymentPostprocessing = 0;
		};
/* End PBXResourcesBuildPhase section */

/* Begin PBXShellScriptBuildPhase section */
		IPH1000000000000000001 /* Embed Inline Preview Host */ = {
			isa = PBXShellScriptBuildPhase;
			alwaysOutOfDate = 1;
			buildActionMask = 2147483647;
			files = (
			);
			inputFileListPaths = (
			);
			inputPaths = (
			);
			name = "Embed Inline Preview Host";
			outputFileListPaths = (
			);
			outputPaths = (
				"$(TARGET_BUILD_DIR)/$(CONTENTS_FOLDER_PATH)/Helpers/LumiPreviewHostApp",
			);
			runOnlyForDeploymentPostprocessing = 0;
			shellPath = /bin/zsh;
			shellScript = "\"${SRCROOT}/scripts/embed-inline-preview-host.sh\"\n";
		};
/* End PBXShellScriptBuildPhase section */

/* Begin PBXSourcesBuildPhase section */
		F54F8C7A2F1A3B6500AABB2A /* Sources */ = {
			isa = PBXSourcesBuildPhase;
			buildActionMask = 2147483647;
			files = (
			);
			runOnlyForDeploymentPostprocessing = 0;
		};
/* End PBXSourcesBuildPhase section */

/* Begin XCBuildConfiguration section */
		F54F8C882F1A3B6600AABB2A /* Debug */ = {
			isa = XCBuildConfiguration;
			buildSettings = {
				ALWAYS_SEARCH_USER_PATHS = NO;
				CLANG_ANALYZER_NONNULL = YES;
				CLANG_ANALYZER_NUMBER_OBJECT_CONVERSION = YES_AGGRESSIVE;
				CLANG_CXX_LANGUAGE_STANDARD = "gnu++20";
				CLANG_ENABLE_MODULES = YES;
				CLANG_ENABLE_OBJC_ARC = YES;
				CLANG_ENABLE_OBJC_WEAK = YES;
				CLANG_WARN_BLOCK_CAPTURE_AUTORELEASING = YES;
				CLANG_WARN_BOOL_CONVERSION = YES;
				CLANG_WARN_COMMA = YES;
				CLANG_WARN_CONSTANT_CONVERSION = YES;
				CLANG_WARN_DEPRECATED_OBJC_IMPLEMENTATIONS = YES;
				CLANG_WARN_DIRECT_OBJC_ISA_USAGE = YES_ERROR;
				CLANG_WARN_DOCUMENTATION_COMMENTS = YES;
				CLANG_WARN_EMPTY_BODY = YES;
				CLANG_WARN_ENUM_CONVERSION = YES;
				CLANG_WARN_INFINITE_RECURSION = YES;
				CLANG_WARN_INT_CONVERSION = YES;
				CLANG_WARN_NON_LITERAL_NULL_CONVERSION = YES;
				CLANG_WARN_OBJC_IMPLICIT_RETAIN_SELF = YES;
				CLANG_WARN_OBJC_LITERAL_CONVERSION = YES;
				CLANG_WARN_OBJC_ROOT_CLASS = YES_ERROR;
				CLANG_WARN_QUOTED_INCLUDE_IN_FRAMEWORK_HEADER = YES;
				CLANG_WARN_RANGE_LOOP_ANALYSIS = YES;
				CLANG_WARN_STRICT_PROTOTYPES = YES;
				CLANG_WARN_SUSPICIOUS_MOVE = YES;
				CLANG_WARN_UNGUARDED_AVAILABILITY = YES_AGGRESSIVE;
				CLANG_WARN_UNREACHABLE_CODE = YES;
				CLANG_WARN__DUPLICATE_METHOD_MATCH = YES;
				COPY_PHASE_STRIP = NO;
				DEBUG_INFORMATION_FORMAT = dwarf;
				DEVELOPMENT_TEAM = Y6HZ9JJYV6;
				ENABLE_STRICT_OBJC_MSGSEND = YES;
				ENABLE_TESTABILITY = YES;
				ENABLE_USER_SCRIPT_SANDBOXING = NO;
				GCC_C_LANGUAGE_STANDARD = gnu17;
				GCC_DYNAMIC_NO_PIC = NO;
				GCC_NO_COMMON_BLOCKS = YES;
				GCC_OPTIMIZATION_LEVEL = 0;
				GCC_PREPROCESSOR_DEFINITIONS = (
					"DEBUG=1",
					"$(inherited)",
				);
				GCC_WARN_64_TO_32_BIT_CONVERSION = YES;
				GCC_WARN_ABOUT_RETURN_TYPE = YES_ERROR;
				GCC_WARN_UNDECLARED_SELECTOR = YES;
				GCC_WARN_UNINITIALIZED_AUTOS = YES_AGGRESSIVE;
				GCC_WARN_UNUSED_FUNCTION = YES;
				GCC_WARN_UNUSED_VARIABLE = YES;
				LOCALIZATION_PREFERS_STRING_CATALOGS = YES;
				MACOSX_DEPLOYMENT_TARGET = 14.0;
				MTL_ENABLE_DEBUG_INFO = INCLUDE_SOURCE;
				MTL_FAST_MATH = YES;
				ONLY_ACTIVE_ARCH = YES;
				SDKROOT = macosx;
				STRING_CATALOG_GENERATE_SYMBOLS = YES;
				SWIFT_ACTIVE_COMPILATION_CONDITIONS = "DEBUG $(inherited)";
				SWIFT_EMIT_LOC_STRINGS = YES;
				SWIFT_OPTIMIZATION_LEVEL = "-Onone";
			};
			name = Debug;
		};
		F54F8C892F1A3B6600AABB2A /* Release */ = {
			isa = XCBuildConfiguration;
			buildSettings = {
				ALWAYS_SEARCH_USER_PATHS = NO;
				CLANG_ANALYZER_NONNULL = YES;
				CLANG_ANALYZER_NUMBER_OBJECT_CONVERSION = YES_AGGRESSIVE;
				CLANG_CXX_LANGUAGE_STANDARD = "gnu++20";
				CLANG_ENABLE_MODULES = YES;
				CLANG_ENABLE_OBJC_ARC = YES;
				CLANG_ENABLE_OBJC_WEAK = YES;
				CLANG_WARN_BLOCK_CAPTURE_AUTORELEASING = YES;
				CLANG_WARN_BOOL_CONVERSION = YES;
				CLANG_WARN_COMMA = YES;
				CLANG_WARN_CONSTANT_CONVERSION = YES;
				CLANG_WARN_DEPRECATED_OBJC_IMPLEMENTATIONS = YES;
				CLANG_WARN_DIRECT_OBJC_ISA_USAGE = YES_ERROR;
				CLANG_WARN_DOCUMENTATION_COMMENTS = YES;
				CLANG_WARN_EMPTY_BODY = YES;
				CLANG_WARN_ENUM_CONVERSION = YES;
				CLANG_WARN_INFINITE_RECURSION = YES;
				CLANG_WARN_INT_CONVERSION = YES;
				CLANG_WARN_NON_LITERAL_NULL_CONVERSION = YES;
				CLANG_WARN_OBJC_IMPLICIT_RETAIN_SELF = YES;
				CLANG_WARN_OBJC_LITERAL_CONVERSION = YES;
				CLANG_WARN_OBJC_ROOT_CLASS = YES_ERROR;
				CLANG_WARN_QUOTED_INCLUDE_IN_FRAMEWORK_HEADER = YES;
				CLANG_WARN_RANGE_LOOP_ANALYSIS = YES;
				CLANG_WARN_STRICT_PROTOTYPES = YES;
				CLANG_WARN_SUSPICIOUS_MOVE = YES;
				CLANG_WARN_UNGUARDED_AVAILABILITY = YES_AGGRESSIVE;
				CLANG_WARN_UNREACHABLE_CODE = YES;
				CLANG_WARN__DUPLICATE_METHOD_MATCH = YES;
				COPY_PHASE_STRIP = NO;
				DEAD_CODE_STRIPPING = YES;
				DEBUG_INFORMATION_FORMAT = "dwarf-with-dsym";
				DEVELOPMENT_TEAM = Y6HZ9JJYV6;
				ENABLE_NS_ASSERTIONS = NO;
				ENABLE_STRICT_OBJC_MSGSEND = YES;
				ENABLE_USER_SCRIPT_SANDBOXING = NO;
				GCC_C_LANGUAGE_STANDARD = gnu17;
				GCC_NO_COMMON_BLOCKS = YES;
				GCC_WARN_64_TO_32_BIT_CONVERSION = YES;
				GCC_WARN_ABOUT_RETURN_TYPE = YES_ERROR;
				GCC_WARN_UNDECLARED_SELECTOR = YES;
				GCC_WARN_UNINITIALIZED_AUTOS = YES_AGGRESSIVE;
				GCC_WARN_UNUSED_FUNCTION = YES;
				GCC_WARN_UNUSED_VARIABLE = YES;
				LOCALIZATION_PREFERS_STRING_CATALOGS = YES;
				MACOSX_DEPLOYMENT_TARGET = 14.0;
				MTL_ENABLE_DEBUG_INFO = NO;
				MTL_FAST_MATH = YES;
				SDKROOT = macosx;
				STRING_CATALOG_GENERATE_SYMBOLS = YES;
				SWIFT_COMPILATION_MODE = wholemodule;
				SWIFT_EMIT_LOC_STRINGS = YES;
			};
			name = Release;
		};
		F54F8C8B2F1A3B6600AABB2A /* Debug */ = {
			isa = XCBuildConfiguration;
			buildSettings = {
				ASSETCATALOG_COMPILER_APPICON_NAME = AppIcon;
				ASSETCATALOG_COMPILER_GLOBAL_ACCENT_COLOR_NAME = AccentColor;
				CODE_SIGN_ENTITLEMENTS = LumiApp/App.entitlements;
				CODE_SIGN_IDENTITY = "Apple Development";
				CODE_SIGN_STYLE = Automatic;
				COMBINE_HIDPI_IMAGES = YES;
				CURRENT_PROJECT_VERSION = 220;
				DEAD_CODE_STRIPPING = YES;
				DEVELOPMENT_TEAM = Y6HZ9JJYV6;
				ENABLE_APP_SANDBOX = NO;
				ENABLE_HARDENED_RUNTIME = YES;
				ENABLE_OUTGOING_NETWORK_CONNECTIONS = YES;
				ENABLE_PREVIEWS = YES;
				ENABLE_USER_SELECTED_FILES = readonly;
				GENERATE_INFOPLIST_FILE = YES;
				INFOPLIST_FILE = "LumiApp/Lumi-Info.plist";
				INFOPLIST_KEY_CFBundleDisplayName = Lumi;
				INFOPLIST_KEY_NSHumanReadableCopyright = "";
				LD_RUNPATH_SEARCH_PATHS = (
					"$(inherited)",
					"@executable_path/../Frameworks",
				);
				MARKETING_VERSION = 4.0.0;
				PRODUCT_BUNDLE_IDENTIFIER = com.coffic.lumi;
				PRODUCT_NAME = "$(TARGET_NAME)";
				PROVISIONING_PROFILE_SPECIFIER = "";
				SWIFT_EMIT_LOC_STRINGS = YES;
				SWIFT_VERSION = 6.0;
			};
			name = Debug;
		};
		F54F8C8C2F1A3B6600AABB2A /* Release */ = {
			isa = XCBuildConfiguration;
			buildSettings = {
				ASSETCATALOG_COMPILER_APPICON_NAME = AppIcon;
				ASSETCATALOG_COMPILER_GLOBAL_ACCENT_COLOR_NAME = AccentColor;
				CODE_SIGN_ENTITLEMENTS = LumiApp/App.entitlements;
				CODE_SIGN_IDENTITY = "Apple Development";
				CODE_SIGN_STYLE = Automatic;
				COMBINE_HIDPI_IMAGES = YES;
				CURRENT_PROJECT_VERSION = 220;
				DEAD_CODE_STRIPPING = YES;
				DEVELOPMENT_TEAM = Y6HZ9JJYV6;
				ENABLE_APP_SANDBOX = NO;
				ENABLE_HARDENED_RUNTIME = YES;
				ENABLE_OUTGOING_NETWORK_CONNECTIONS = YES;
				ENABLE_PREVIEWS = YES;
				ENABLE_USER_SELECTED_FILES = readonly;
				GENERATE_INFOPLIST_FILE = YES;
				INFOPLIST_FILE = "LumiApp/Lumi-Info.plist";
				INFOPLIST_KEY_CFBundleDisplayName = Lumi;
				INFOPLIST_KEY_NSHumanReadableCopyright = "";
				LD_RUNPATH_SEARCH_PATHS = (
					"$(inherited)",
					"@executable_path/../Frameworks",
				);
				MARKETING_VERSION = 4.0.0;
				PRODUCT_BUNDLE_IDENTIFIER = com.coffic.lumi;
				PRODUCT_NAME = "$(TARGET_NAME)";
				PROVISIONING_PROFILE_SPECIFIER = "";
				SWIFT_EMIT_LOC_STRINGS = YES;
				SWIFT_VERSION = 6.0;
			};
			name = Release;
		};
/* End XCBuildConfiguration section */

/* Begin XCConfigurationList section */
		F54F8C792F1A3B6500AABB2A /* Build configuration list for PBXProject "Lumi" */ = {
			isa = XCConfigurationList;
			buildConfigurations = (
				F54F8C882F1A3B6600AABB2A /* Debug */,
				F54F8C892F1A3B6600AABB2A /* Release */,
			);
			defaultConfigurationIsVisible = 0;
			defaultConfigurationName = Release;
		};
		F54F8C8A2F1A3B6600AABB2A /* Build configuration list for PBXNativeTarget "Lumi" */ = {
			isa = XCConfigurationList;
			buildConfigurations = (
				F54F8C8B2F1A3B6600AABB2A /* Debug */,
				F54F8C8C2F1A3B6600AABB2A /* Release */,
			);
			defaultConfigurationIsVisible = 0;
			defaultConfigurationName = Release;
		};
/* End XCConfigurationList section */

/* Begin XCLocalSwiftPackageReference section */
		ESV1000000000000000003 /* XCLocalSwiftPackageReference "Packages/EditorService" */ = {
			isa = XCLocalSwiftPackageReference;
			relativePath = Packages/EditorService;
		};
		LCK1000000000000000003 /* XCLocalSwiftPackageReference "Packages/LumiChatKit" */ = {
			isa = XCLocalSwiftPackageReference;
			relativePath = Packages/LumiChatKit;
		};
		LPR1000000000000000003 /* XCLocalSwiftPackageReference "Packages/LumiPluginRegistry" */ = {
			isa = XCLocalSwiftPackageReference;
			relativePath = Packages/LumiPluginRegistry;
		};
		LUI1000000000000000003 /* XCLocalSwiftPackageReference "Packages/LumiUI" */ = {
			isa = XCLocalSwiftPackageReference;
			relativePath = Packages/LumiUI;
		};
/* End XCLocalSwiftPackageReference section */

/* Begin XCRemoteSwiftPackageReference section */
		SPK1000000000000000003 /* XCRemoteSwiftPackageReference "Sparkle" */ = {
			isa = XCRemoteSwiftPackageReference;
			repositoryURL = "https://github.com/sparkle-project/Sparkle";
			requirement = {
				kind = upToNextMajorVersion;
				minimumVersion = 2.9.1;
			};
		};
/* End XCRemoteSwiftPackageReference section */

/* Begin XCSwiftPackageProductDependency section */
		ESV1000000000000000001 /* EditorService */ = {
			isa = XCSwiftPackageProductDependency;
			package = ESV1000000000000000003 /* XCLocalSwiftPackageReference "Packages/EditorService" */;
			productName = EditorService;
		};
		LCK1000000000000000001 /* LumiChatKit */ = {
			isa = XCSwiftPackageProductDependency;
			package = LCK1000000000000000003 /* XCLocalSwiftPackageReference "Packages/LumiChatKit" */;
			productName = LumiChatKit;
		};
		LPR1000000000000000001 /* LumiPluginRegistry */ = {
			isa = XCSwiftPackageProductDependency;
			package = LPR1000000000000000003 /* XCLocalSwiftPackageReference "Packages/LumiPluginRegistry" */;
			productName = LumiPluginRegistry;
		};
		LUI1000000000000000001 /* LumiUI */ = {
			isa = XCSwiftPackageProductDependency;
			package = LUI1000000000000000003 /* XCLocalSwiftPackageReference "Packages/LumiUI" */;
			productName = LumiUI;
		};
		SPK1000000000000000001 /* Sparkle */ = {
			isa = XCSwiftPackageProductDependency;
			package = SPK1000000000000000003 /* XCRemoteSwiftPackageReference "Sparkle" */;
			productName = Sparkle;
		};
/* End XCSwiftPackageProductDependency section */
	};
	rootObject = F54F8C762F1A3B6500AABB2A /* Project object */;
}
