// !$*UTF8*$!
{
	archiveVersion = 1;
	classes = {
	};
	objectVersion = 77;
	objects = {

/* Begin PBXBuildFile section */
		0B0073C22F2F1ABF001B3789 /* MagicKit in Frameworks */ = {isa = PBXBuildFile; productRef = 0B0073C12F2F1ABF001B3789 /* MagicKit */; };
		0B2F7D682F3A301D00AD7E94 /* LumiFinder.appex in Embed Foundation Extensions */ = {isa = PBXBuildFile; fileRef = 0B2F7D612F3A301C00AD7E94 /* LumiFinder.appex */; settings = {ATTRIBUTES = (RemoveHeadersOnCopy, ); }; };
		F53C3ED12F1A3CB000929321 /* Assets.xcassets in Resources */ = {isa = PBXBuildFile; fileRef = F53C3ECB2F1A3CB000929321 /* Assets.xcassets */; };
		F53C415A2F1A3E6500929321 /* Sparkle in Frameworks */ = {isa = PBXBuildFile; productRef = F53C41592F1A3E6500929321 /* Sparkle */; };
		F5674BB02F3ACE7500A237DD /* Localizable.xcstrings in Resources */ = {isa = PBXBuildFile; fileRef = F5674BAF2F3ACE7500A237DD /* Localizable.xcstrings */; };
		F5826C862F35731C0079B285 /* MagicKit in Frameworks */ = {isa = PBXBuildFile; productRef = F5826C852F35731C0079B285 /* MagicKit */; };
/* End PBXBuildFile section */

/* Begin PBXContainerItemProxy section */
		0B2F7D662F3A301D00AD7E94 /* PBXContainerItemProxy */ = {
			isa = PBXContainerItemProxy;
			containerPortal = F54F8C762F1A3B6500AABB2A /* Project object */;
			proxyType = 1;
			remoteGlobalIDString = 0B2F7D602F3A301C00AD7E94;
			remoteInfo = LumiFinder;
		};
/* End PBXContainerItemProxy section */

/* Begin PBXCopyFilesBuildPhase section */
		0B11F83D2F3A156D00B9B857 /* Embed Foundation Extensions */ = {
			isa = PBXCopyFilesBuildPhase;
			buildActionMask = 2147483647;
			dstPath = "";
			dstSubfolderSpec = 13;
			files = (
				0B2F7D682F3A301D00AD7E94 /* LumiFinder.appex in Embed Foundation Extensions */,
			);
			name = "Embed Foundation Extensions";
			runOnlyForDeploymentPostprocessing = 0;
		};
/* End PBXCopyFilesBuildPhase section */

/* Begin PBXFileReference section */
		0B2F7D612F3A301C00AD7E94 /* LumiFinder.appex */ = {isa = PBXFileReference; explicitFileType = "wrapper.app-extension"; includeInIndex = 0; path = LumiFinder.appex; sourceTree = BUILT_PRODUCTS_DIR; };
		F53C3ECB2F1A3CB000929321 /* Assets.xcassets */ = {isa = PBXFileReference; lastKnownFileType = folder.assetcatalog; path = Assets.xcassets; sourceTree = "<group>"; };
		F53C49142F1A42EC00929321 /* Lumi.app */ = {isa = PBXFileReference; explicitFileType = wrapper.application; includeInIndex = 0; path = Lumi.app; sourceTree = BUILT_PRODUCTS_DIR; };
		F5674BAF2F3ACE7500A237DD /* Localizable.xcstrings */ = {isa = PBXFileReference; lastKnownFileType = text.json.xcstrings; path = Localizable.xcstrings; sourceTree = "<group>"; };
/* End PBXFileReference section */

/* Begin PBXFileSystemSynchronizedBuildFileExceptionSet section */
		0B2F7D692F3A301D00AD7E94 /* Exceptions for "LumiFinder" folder in "LumiFinder" target */ = {
			isa = PBXFileSystemSynchronizedBuildFileExceptionSet;
			membershipExceptions = (
				Info.plist,
			);
			target = 0B2F7D602F3A301C00AD7E94 /* LumiFinder */;
		};
		F5F4E1E82F3ACC6600C76EA0 /* Exceptions for "LumiApp" folder in "Lumi" target */ = {
			isa = PBXFileSystemSynchronizedBuildFileExceptionSet;
			membershipExceptions = (
				"Lumi-Info.plist",
			);
			target = F54F8C7D2F1A3B6500AABB2A /* Lumi */;
		};
/* End PBXFileSystemSynchronizedBuildFileExceptionSet section */

/* Begin PBXFileSystemSynchronizedRootGroup section */
		0B2F7D622F3A301C00AD7E94 /* LumiFinder */ = {
			isa = PBXFileSystemSynchronizedRootGroup;
			exceptions = (
				0B2F7D692F3A301D00AD7E94 /* Exceptions for "LumiFinder" folder in "LumiFinder" target */,
			);
			path = LumiFinder;
			sourceTree = "<group>";
		};
		F5F4DFD42F3ACC5100C76EA0 /* LumiApp */ = {
			isa = PBXFileSystemSynchronizedRootGroup;
			exceptions = (
				F5F4E1E82F3ACC6600C76EA0 /* Exceptions for "LumiApp" folder in "Lumi" target */,
			);
			path = LumiApp;
			sourceTree = "<group>";
		};
/* End PBXFileSystemSynchronizedRootGroup section */

/* Begin PBXFrameworksBuildPhase section */
		0B2F7D5E2F3A301C00AD7E94 /* Frameworks */ = {
			isa = PBXFrameworksBuildPhase;
			buildActionMask = 2147483647;
			files = (
			);
			runOnlyForDeploymentPostprocessing = 0;
		};
		F54F8C7B2F1A3B6500AABB2A /* Frameworks */ = {
			isa = PBXFrameworksBuildPhase;
			buildActionMask = 2147483647;
			files = (
				F5826C862F35731C0079B285 /* MagicKit in Frameworks */,
				F53C415A2F1A3E6500929321 /* Sparkle in Frameworks */,
				0B0073C22F2F1ABF001B3789 /* MagicKit in Frameworks */,
			);
			runOnlyForDeploymentPostprocessing = 0;
		};
/* End PBXFrameworksBuildPhase section */

/* Begin PBXGroup section */
		F54F8C752F1A3B6500AABB2A = {
			isa = PBXGroup;
			children = (
				F5674BAF2F3ACE7500A237DD /* Localizable.xcstrings */,
				F53C3ECB2F1A3CB000929321 /* Assets.xcassets */,
				F5F4DFD42F3ACC5100C76EA0 /* LumiApp */,
				0B2F7D622F3A301C00AD7E94 /* LumiFinder */,
				F53C49142F1A42EC00929321 /* Lumi.app */,
				0B2F7D612F3A301C00AD7E94 /* LumiFinder.appex */,
				F5F4DFC92F3ABECF00C76EA0 /* Frameworks */,
			);
			sourceTree = "<group>";
		};
		F5F4DFC92F3ABECF00C76EA0 /* Frameworks */ = {
			isa = PBXGroup;
			children = (
			);
			name = Frameworks;
			sourceTree = "<group>";
		};
/* End PBXGroup section */

/* Begin PBXNativeTarget section */
		0B2F7D602F3A301C00AD7E94 /* LumiFinder */ = {
			isa = PBXNativeTarget;
			buildConfigurationList = 0B2F7D6A2F3A301D00AD7E94 /* Build configuration list for PBXNativeTarget "LumiFinder" */;
			buildPhases = (
				0B2F7D5D2F3A301C00AD7E94 /* Sources */,
				0B2F7D5E2F3A301C00AD7E94 /* Frameworks */,
				0B2F7D5F2F3A301C00AD7E94 /* Resources */,
			);
			buildRules = (
			);
			dependencies = (
			);
			fileSystemSynchronizedGroups = (
				0B2F7D622F3A301C00AD7E94 /* LumiFinder */,
			);
			name = LumiFinder;
			packageProductDependencies = (
			);
			productName = LumiFinder;
			productReference = 0B2F7D612F3A301C00AD7E94 /* LumiFinder.appex */;
			productType = "com.apple.product-type.app-extension";
		};
		F54F8C7D2F1A3B6500AABB2A /* Lumi */ = {
			isa = PBXNativeTarget;
			buildConfigurationList = F54F8C8A2F1A3B6600AABB2A /* Build configuration list for PBXNativeTarget "Lumi" */;
			buildPhases = (
				F54F8C7A2F1A3B6500AABB2A /* Sources */,
				F54F8C7B2F1A3B6500AABB2A /* Frameworks */,
				F54F8C7C2F1A3B6500AABB2A /* Resources */,
				0B11F83D2F3A156D00B9B857 /* Embed Foundation Extensions */,
			);
			buildRules = (
			);
			dependencies = (
				0B2F7D672F3A301D00AD7E94 /* PBXTargetDependency */,
			);
			fileSystemSynchronizedGroups = (
				F5F4DFD42F3ACC5100C76EA0 /* LumiApp */,
			);
			name = Lumi;
			packageProductDependencies = (
				F53C41592F1A3E6500929321 /* Sparkle */,
				0B0073C12F2F1ABF001B3789 /* MagicKit */,
				F5826C852F35731C0079B285 /* MagicKit */,
			);
			productName = "SwiftUI-Template";
			productReference = F53C49142F1A42EC00929321 /* Lumi.app */;
			productType = "com.apple.product-type.application";
		};
/* End PBXNativeTarget section */

/* Begin PBXProject section */
		F54F8C762F1A3B6500AABB2A /* Project object */ = {
			isa = PBXProject;
			attributes = {
				BuildIndependentTargetsInParallel = 1;
				LastSwiftUpdateCheck = 2620;
				LastUpgradeCheck = 2620;
				TargetAttributes = {
					0B2F7D602F3A301C00AD7E94 = {
						CreatedOnToolsVersion = 26.2;
					};
					F54F8C7D2F1A3B6500AABB2A = {
						CreatedOnToolsVersion = 16.4;
					};
				};
			};
			buildConfigurationList = F54F8C792F1A3B6500AABB2A /* Build configuration list for PBXProject "Lumi" */;
			developmentRegion = en;
			hasScannedForEncodings = 0;
			knownRegions = (
				en,
				Base,
				"zh-Hans",
				"zh-HK",
			);
			mainGroup = F54F8C752F1A3B6500AABB2A;
			minimizedProjectReferenceProxies = 1;
			packageReferences = (
				F53C41582F1A3E6500929321 /* XCRemoteSwiftPackageReference "Sparkle" */,
				F5826C842F35731C0079B285 /* XCRemoteSwiftPackageReference "MagicKit" */,
			);
			preferredProjectObjectVersion = 77;
			productRefGroup = F54F8C752F1A3B6500AABB2A;
			projectDirPath = "";
			projectRoot = "";
			targets = (
				F54F8C7D2F1A3B6500AABB2A /* Lumi */,
				0B2F7D602F3A301C00AD7E94 /* LumiFinder */,
			);
		};
/* End PBXProject section */

/* Begin PBXResourcesBuildPhase section */
		0B2F7D5F2F3A301C00AD7E94 /* Resources */ = {
			isa = PBXResourcesBuildPhase;
			buildActionMask = 2147483647;
			files = (
			);
			runOnlyForDeploymentPostprocessing = 0;
		};
		F54F8C7C2F1A3B6500AABB2A /* Resources */ = {
			isa = PBXResourcesBuildPhase;
			buildActionMask = 2147483647;
			files = (
				F5674BB02F3ACE7500A237DD /* Localizable.xcstrings in Resources */,
				F53C3ED12F1A3CB000929321 /* Assets.xcassets in Resources */,
			);
			runOnlyForDeploymentPostprocessing = 0;
		};
/* End PBXResourcesBuildPhase section */

/* Begin PBXSourcesBuildPhase section */
		0B2F7D5D2F3A301C00AD7E94 /* Sources */ = {
			isa = PBXSourcesBuildPhase;
			buildActionMask = 2147483647;
			files = (
			);
			runOnlyForDeploymentPostprocessing = 0;
		};
		F54F8C7A2F1A3B6500AABB2A /* Sources */ = {
			isa = PBXSourcesBuildPhase;
			buildActionMask = 2147483647;
			files = (
			);
			runOnlyForDeploymentPostprocessing = 0;
		};
/* End PBXSourcesBuildPhase section */

/* Begin PBXTargetDependency section */
		0B2F7D672F3A301D00AD7E94 /* PBXTargetDependency */ = {
			isa = PBXTargetDependency;
			target = 0B2F7D602F3A301C00AD7E94 /* LumiFinder */;
			targetProxy = 0B2F7D662F3A301D00AD7E94 /* PBXContainerItemProxy */;
		};
/* End PBXTargetDependency section */

/* Begin XCBuildConfiguration section */
		0B2F7D6B2F3A301D00AD7E94 /* Debug */ = {
			isa = XCBuildConfiguration;
			buildSettings = {
				"CODE_SIGN_IDENTITY[sdk=macosx*]" = "-";
				CODE_SIGN_STYLE = Automatic;
				COMBINE_HIDPI_IMAGES = YES;
				CURRENT_PROJECT_VERSION = 20;
				DEVELOPMENT_TEAM = Y6HZ9JJYV6;
				ENABLE_APP_SANDBOX = YES;
				ENABLE_HARDENED_RUNTIME = YES;
				ENABLE_USER_SCRIPT_SANDBOXING = YES;
				ENABLE_USER_SELECTED_FILES = readonly;
				GENERATE_INFOPLIST_FILE = YES;
				INFOPLIST_FILE = LumiFinder/Info.plist;
				INFOPLIST_KEY_CFBundleDisplayName = LumiFinder;
				INFOPLIST_KEY_NSHumanReadableCopyright = "";
				LD_RUNPATH_SEARCH_PATHS = (
					"$(inherited)",
					"@executable_path/../Frameworks",
					"@executable_path/../../../../Frameworks",
				);
				MACOSX_DEPLOYMENT_TARGET = 26.2;
				MARKETING_VERSION = 1.4.1;
				PRODUCT_BUNDLE_IDENTIFIER = com.coffic.lumi.LumiFinder;
				PRODUCT_NAME = "$(TARGET_NAME)";
				SKIP_INSTALL = YES;
				STRING_CATALOG_GENERATE_SYMBOLS = YES;
				SWIFT_APPROACHABLE_CONCURRENCY = YES;
				SWIFT_EMIT_LOC_STRINGS = YES;
				SWIFT_UPCOMING_FEATURE_MEMBER_IMPORT_VISIBILITY = YES;
				SWIFT_VERSION = 5.0;
			};
			name = Debug;
		};
		0B2F7D6C2F3A301D00AD7E94 /* Release */ = {
			isa = XCBuildConfiguration;
			buildSettings = {
				"CODE_SIGN_IDENTITY[sdk=macosx*]" = "-";
				CODE_SIGN_STYLE = Automatic;
				COMBINE_HIDPI_IMAGES = YES;
				CURRENT_PROJECT_VERSION = 20;
				DEVELOPMENT_TEAM = Y6HZ9JJYV6;
				ENABLE_APP_SANDBOX = YES;
				ENABLE_HARDENED_RUNTIME = YES;
				ENABLE_USER_SCRIPT_SANDBOXING = YES;
				ENABLE_USER_SELECTED_FILES = readonly;
				GENERATE_INFOPLIST_FILE = YES;
				INFOPLIST_FILE = LumiFinder/Info.plist;
				INFOPLIST_KEY_CFBundleDisplayName = LumiFinder;
				INFOPLIST_KEY_NSHumanReadableCopyright = "";
				LD_RUNPATH_SEARCH_PATHS = (
					"$(inherited)",
					"@executable_path/../Frameworks",
					"@executable_path/../../../../Frameworks",
				);
				MACOSX_DEPLOYMENT_TARGET = 26.2;
				MARKETING_VERSION = 1.4.1;
				PRODUCT_BUNDLE_IDENTIFIER = com.coffic.lumi.LumiFinder;
				PRODUCT_NAME = "$(TARGET_NAME)";
				SKIP_INSTALL = YES;
				STRING_CATALOG_GENERATE_SYMBOLS = YES;
				SWIFT_APPROACHABLE_CONCURRENCY = YES;
				SWIFT_EMIT_LOC_STRINGS = YES;
				SWIFT_UPCOMING_FEATURE_MEMBER_IMPORT_VISIBILITY = YES;
				SWIFT_VERSION = 5.0;
			};
			name = Release;
		};
		F54F8C882F1A3B6600AABB2A /* Debug */ = {
			isa = XCBuildConfiguration;
			buildSettings = {
				ALWAYS_SEARCH_USER_PATHS = NO;
				ASSETCATALOG_COMPILER_GENERATE_SWIFT_ASSET_SYMBOL_EXTENSIONS = YES;
				CLANG_ANALYZER_NONNULL = YES;
				CLANG_ANALYZER_NUMBER_OBJECT_CONVERSION = YES_AGGRESSIVE;
				CLANG_CXX_LANGUAGE_STANDARD = "gnu++20";
				CLANG_ENABLE_MODULES = YES;
				CLANG_ENABLE_OBJC_ARC = YES;
				CLANG_ENABLE_OBJC_WEAK = YES;
				CLANG_WARN_BLOCK_CAPTURE_AUTORELEASING = YES;
				CLANG_WARN_BOOL_CONVERSION = YES;
				CLANG_WARN_COMMA = YES;
				CLANG_WARN_CONSTANT_CONVERSION = YES;
				CLANG_WARN_DEPRECATED_OBJC_IMPLEMENTATIONS = YES;
				CLANG_WARN_DIRECT_OBJC_ISA_USAGE = YES_ERROR;
				CLANG_WARN_DOCUMENTATION_COMMENTS = YES;
				CLANG_WARN_EMPTY_BODY = YES;
				CLANG_WARN_ENUM_CONVERSION = YES;
				CLANG_WARN_INFINITE_RECURSION = YES;
				CLANG_WARN_INT_CONVERSION = YES;
				CLANG_WARN_NON_LITERAL_NULL_CONVERSION = YES;
				CLANG_WARN_OBJC_IMPLICIT_RETAIN_SELF = YES;
				CLANG_WARN_OBJC_LITERAL_CONVERSION = YES;
				CLANG_WARN_OBJC_ROOT_CLASS = YES_ERROR;
				CLANG_WARN_QUOTED_INCLUDE_IN_FRAMEWORK_HEADER = YES;
				CLANG_WARN_RANGE_LOOP_ANALYSIS = YES;
				CLANG_WARN_STRICT_PROTOTYPES = YES;
				CLANG_WARN_SUSPICIOUS_MOVE = YES;
				CLANG_WARN_UNGUARDED_AVAILABILITY = YES_AGGRESSIVE;
				CLANG_WARN_UNREACHABLE_CODE = YES;
				CLANG_WARN__DUPLICATE_METHOD_MATCH = YES;
				COPY_PHASE_STRIP = NO;
				DEAD_CODE_STRIPPING = YES;
				DEBUG_INFORMATION_FORMAT = dwarf;
				DEVELOPMENT_TEAM = Y6HZ9JJYV6;
				ENABLE_STRICT_OBJC_MSGSEND = YES;
				ENABLE_TESTABILITY = YES;
				ENABLE_USER_SCRIPT_SANDBOXING = NO;
				GCC_C_LANGUAGE_STANDARD = gnu17;
				GCC_DYNAMIC_NO_PIC = NO;
				GCC_NO_COMMON_BLOCKS = YES;
				GCC_OPTIMIZATION_LEVEL = 0;
				GCC_PREPROCESSOR_DEFINITIONS = (
					"DEBUG=1",
					"$(inherited)",
				);
				GCC_WARN_64_TO_32_BIT_CONVERSION = YES;
				GCC_WARN_ABOUT_RETURN_TYPE = YES_ERROR;
				GCC_WARN_UNDECLARED_SELECTOR = YES;
				GCC_WARN_UNINITIALIZED_AUTOS = YES_AGGRESSIVE;
				GCC_WARN_UNUSED_FUNCTION = YES;
				GCC_WARN_UNUSED_VARIABLE = YES;
				LOCALIZATION_PREFERS_STRING_CATALOGS = YES;
				MACOSX_DEPLOYMENT_TARGET = 15.5;
				MTL_ENABLE_DEBUG_INFO = INCLUDE_SOURCE;
				MTL_FAST_MATH = YES;
				ONLY_ACTIVE_ARCH = YES;
				SDKROOT = macosx;
				STRING_CATALOG_GENERATE_SYMBOLS = YES;
				SWIFT_ACTIVE_COMPILATION_CONDITIONS = "DEBUG $(inherited)";
				SWIFT_EMIT_LOC_STRINGS = YES;
				SWIFT_OPTIMIZATION_LEVEL = "-Onone";
			};
			name = Debug;
		};
		F54F8C892F1A3B6600AABB2A /* Release */ = {
			isa = XCBuildConfiguration;
			buildSettings = {
				ALWAYS_SEARCH_USER_PATHS = NO;
				ASSETCATALOG_COMPILER_GENERATE_SWIFT_ASSET_SYMBOL_EXTENSIONS = YES;
				CLANG_ANALYZER_NONNULL = YES;
				CLANG_ANALYZER_NUMBER_OBJECT_CONVERSION = YES_AGGRESSIVE;
				CLANG_CXX_LANGUAGE_STANDARD = "gnu++20";
				CLANG_ENABLE_MODULES = YES;
				CLANG_ENABLE_OBJC_ARC = YES;
				CLANG_ENABLE_OBJC_WEAK = YES;
				CLANG_WARN_BLOCK_CAPTURE_AUTORELEASING = YES;
				CLANG_WARN_BOOL_CONVERSION = YES;
				CLANG_WARN_COMMA = YES;
				CLANG_WARN_CONSTANT_CONVERSION = YES;
				CLANG_WARN_DEPRECATED_OBJC_IMPLEMENTATIONS = YES;
				CLANG_WARN_DIRECT_OBJC_ISA_USAGE = YES_ERROR;
				CLANG_WARN_DOCUMENTATION_COMMENTS = YES;
				CLANG_WARN_EMPTY_BODY = YES;
				CLANG_WARN_ENUM_CONVERSION = YES;
				CLANG_WARN_INFINITE_RECURSION = YES;
				CLANG_WARN_INT_CONVERSION = YES;
				CLANG_WARN_NON_LITERAL_NULL_CONVERSION = YES;
				CLANG_WARN_OBJC_IMPLICIT_RETAIN_SELF = YES;
				CLANG_WARN_OBJC_LITERAL_CONVERSION = YES;
				CLANG_WARN_OBJC_ROOT_CLASS = YES_ERROR;
				CLANG_WARN_QUOTED_INCLUDE_IN_FRAMEWORK_HEADER = YES;
				CLANG_WARN_RANGE_LOOP_ANALYSIS = YES;
				CLANG_WARN_STRICT_PROTOTYPES = YES;
				CLANG_WARN_SUSPICIOUS_MOVE = YES;
				CLANG_WARN_UNGUARDED_AVAILABILITY = YES_AGGRESSIVE;
				CLANG_WARN_UNREACHABLE_CODE = YES;
				CLANG_WARN__DUPLICATE_METHOD_MATCH = YES;
				COPY_PHASE_STRIP = NO;
				DEAD_CODE_STRIPPING = YES;
				DEBUG_INFORMATION_FORMAT = "dwarf-with-dsym";
				DEVELOPMENT_TEAM = Y6HZ9JJYV6;
				ENABLE_NS_ASSERTIONS = NO;
				ENABLE_STRICT_OBJC_MSGSEND = YES;
				ENABLE_USER_SCRIPT_SANDBOXING = NO;
				GCC_C_LANGUAGE_STANDARD = gnu17;
				GCC_NO_COMMON_BLOCKS = YES;
				GCC_WARN_64_TO_32_BIT_CONVERSION = YES;
				GCC_WARN_ABOUT_RETURN_TYPE = YES_ERROR;
				GCC_WARN_UNDECLARED_SELECTOR = YES;
				GCC_WARN_UNINITIALIZED_AUTOS = YES_AGGRESSIVE;
				GCC_WARN_UNUSED_FUNCTION = YES;
				GCC_WARN_UNUSED_VARIABLE = YES;
				LOCALIZATION_PREFERS_STRING_CATALOGS = YES;
				MACOSX_DEPLOYMENT_TARGET = 15.5;
				MTL_ENABLE_DEBUG_INFO = NO;
				MTL_FAST_MATH = YES;
				SDKROOT = macosx;
				STRING_CATALOG_GENERATE_SYMBOLS = YES;
				SWIFT_COMPILATION_MODE = wholemodule;
				SWIFT_EMIT_LOC_STRINGS = YES;
			};
			name = Release;
		};
		F54F8C8B2F1A3B6600AABB2A /* Debug */ = {
			isa = XCBuildConfiguration;
			buildSettings = {
				ASSETCATALOG_COMPILER_APPICON_NAME = AppIcon;
				ASSETCATALOG_COMPILER_GLOBAL_ACCENT_COLOR_NAME = AccentColor;
				CODE_SIGN_ENTITLEMENTS = LumiApp/App.entitlements;
				CODE_SIGN_IDENTITY = "Apple Development";
				CODE_SIGN_STYLE = Automatic;
				COMBINE_HIDPI_IMAGES = YES;
				CURRENT_PROJECT_VERSION = 20;
				DEAD_CODE_STRIPPING = YES;
				DEVELOPMENT_TEAM = Y6HZ9JJYV6;
				ENABLE_APP_SANDBOX = NO;
				ENABLE_FILE_ACCESS_DOWNLOADS_FOLDER = readwrite;
				ENABLE_HARDENED_RUNTIME = YES;
				ENABLE_INCOMING_NETWORK_CONNECTIONS = NO;
				ENABLE_OUTGOING_NETWORK_CONNECTIONS = YES;
				ENABLE_PREVIEWS = YES;
				ENABLE_RESOURCE_ACCESS_AUDIO_INPUT = NO;
				ENABLE_RESOURCE_ACCESS_BLUETOOTH = NO;
				ENABLE_RESOURCE_ACCESS_CALENDARS = NO;
				ENABLE_RESOURCE_ACCESS_CAMERA = NO;
				ENABLE_RESOURCE_ACCESS_CONTACTS = NO;
				ENABLE_RESOURCE_ACCESS_LOCATION = NO;
				ENABLE_RESOURCE_ACCESS_PRINTING = NO;
				ENABLE_RESOURCE_ACCESS_USB = NO;
				ENABLE_USER_SELECTED_FILES = readonly;
				GENERATE_INFOPLIST_FILE = YES;
				INFOPLIST_FILE = "LumiApp/Lumi-Info.plist";
				INFOPLIST_KEY_CFBundleDisplayName = Lumi;
				INFOPLIST_KEY_NSHumanReadableCopyright = "";
				INFOPLIST_KEY_SUEnableInstallerLauncherService = YES;
				INFOPLIST_KEY_SUPublicEDKey = "VRFIJExvMCeneBRzxR6mu2zPN9ggOUr0LNlcKYOb27o=";
				LD_RUNPATH_SEARCH_PATHS = (
					"$(inherited)",
					"@executable_path/../Frameworks",
				);
				MARKETING_VERSION = 1.4.1;
				PRODUCT_BUNDLE_IDENTIFIER = com.coffic.lumi;
				PRODUCT_NAME = "$(TARGET_NAME)";
				PROVISIONING_PROFILE_SPECIFIER = "";
				REGISTER_APP_GROUPS = YES;
				SWIFT_EMIT_LOC_STRINGS = YES;
				SWIFT_VERSION = 6.0;
			};
			name = Debug;
		};
		F54F8C8C2F1A3B6600AABB2A /* Release */ = {
			isa = XCBuildConfiguration;
			buildSettings = {
				ASSETCATALOG_COMPILER_APPICON_NAME = AppIcon;
				ASSETCATALOG_COMPILER_GLOBAL_ACCENT_COLOR_NAME = AccentColor;
				CODE_SIGN_ENTITLEMENTS = LumiApp/App.entitlements;
				CODE_SIGN_IDENTITY = "Apple Development";
				CODE_SIGN_STYLE = Automatic;
				COMBINE_HIDPI_IMAGES = YES;
				CURRENT_PROJECT_VERSION = 20;
				DEAD_CODE_STRIPPING = YES;
				DEVELOPMENT_TEAM = Y6HZ9JJYV6;
				ENABLE_APP_SANDBOX = NO;
				ENABLE_FILE_ACCESS_DOWNLOADS_FOLDER = readwrite;
				ENABLE_HARDENED_RUNTIME = YES;
				ENABLE_INCOMING_NETWORK_CONNECTIONS = NO;
				ENABLE_OUTGOING_NETWORK_CONNECTIONS = YES;
				ENABLE_PREVIEWS = YES;
				ENABLE_RESOURCE_ACCESS_AUDIO_INPUT = NO;
				ENABLE_RESOURCE_ACCESS_BLUETOOTH = NO;
				ENABLE_RESOURCE_ACCESS_CALENDARS = NO;
				ENABLE_RESOURCE_ACCESS_CAMERA = NO;
				ENABLE_RESOURCE_ACCESS_CONTACTS = NO;
				ENABLE_RESOURCE_ACCESS_LOCATION = NO;
				ENABLE_RESOURCE_ACCESS_PRINTING = NO;
				ENABLE_RESOURCE_ACCESS_USB = NO;
				ENABLE_USER_SELECTED_FILES = readonly;
				GENERATE_INFOPLIST_FILE = YES;
				INFOPLIST_FILE = "LumiApp/Lumi-Info.plist";
				INFOPLIST_KEY_CFBundleDisplayName = Lumi;
				INFOPLIST_KEY_NSHumanReadableCopyright = "";
				INFOPLIST_KEY_SUEnableInstallerLauncherService = YES;
				INFOPLIST_KEY_SUPublicEDKey = "VRFIJExvMCeneBRzxR6mu2zPN9ggOUr0LNlcKYOb27o=";
				LD_RUNPATH_SEARCH_PATHS = (
					"$(inherited)",
					"@executable_path/../Frameworks",
				);
				MARKETING_VERSION = 1.4.1;
				PRODUCT_BUNDLE_IDENTIFIER = com.coffic.lumi;
				PRODUCT_NAME = "$(TARGET_NAME)";
				PROVISIONING_PROFILE_SPECIFIER = "";
				REGISTER_APP_GROUPS = YES;
				SWIFT_EMIT_LOC_STRINGS = YES;
				SWIFT_VERSION = 6.0;
			};
			name = Release;
		};
/* End XCBuildConfiguration section */

/* Begin XCConfigurationList section */
		0B2F7D6A2F3A301D00AD7E94 /* Build configuration list for PBXNativeTarget "LumiFinder" */ = {
			isa = XCConfigurationList;
			buildConfigurations = (
				0B2F7D6B2F3A301D00AD7E94 /* Debug */,
				0B2F7D6C2F3A301D00AD7E94 /* Release */,
			);
			defaultConfigurationIsVisible = 0;
			defaultConfigurationName = Release;
		};
		F54F8C792F1A3B6500AABB2A /* Build configuration list for PBXProject "Lumi" */ = {
			isa = XCConfigurationList;
			buildConfigurations = (
				F54F8C882F1A3B6600AABB2A /* Debug */,
				F54F8C892F1A3B6600AABB2A /* Release */,
			);
			defaultConfigurationIsVisible = 0;
			defaultConfigurationName = Release;
		};
		F54F8C8A2F1A3B6600AABB2A /* Build configuration list for PBXNativeTarget "Lumi" */ = {
			isa = XCConfigurationList;
			buildConfigurations = (
				F54F8C8B2F1A3B6600AABB2A /* Debug */,
				F54F8C8C2F1A3B6600AABB2A /* Release */,
			);
			defaultConfigurationIsVisible = 0;
			defaultConfigurationName = Release;
		};
/* End XCConfigurationList section */

/* Begin XCRemoteSwiftPackageReference section */
		F53C41582F1A3E6500929321 /* XCRemoteSwiftPackageReference "Sparkle" */ = {
			isa = XCRemoteSwiftPackageReference;
			repositoryURL = "https://github.com/sparkle-project/Sparkle";
			requirement = {
				kind = upToNextMajorVersion;
				minimumVersion = 2.8.1;
			};
		};
		F5826C842F35731C0079B285 /* XCRemoteSwiftPackageReference "MagicKit" */ = {
			isa = XCRemoteSwiftPackageReference;
			repositoryURL = "https://github.com/CofficLab/MagicKit";
			requirement = {
				kind = upToNextMajorVersion;
				minimumVersion = 1.5.22;
			};
		};
/* End XCRemoteSwiftPackageReference section */

/* Begin XCSwiftPackageProductDependency section */
		0B0073C12F2F1ABF001B3789 /* MagicKit */ = {
			isa = XCSwiftPackageProductDependency;
			productName = MagicKit;
		};
		F53C41592F1A3E6500929321 /* Sparkle */ = {
			isa = XCSwiftPackageProductDependency;
			package = F53C41582F1A3E6500929321 /* XCRemoteSwiftPackageReference "Sparkle" */;
			productName = Sparkle;
		};
		F5826C852F35731C0079B285 /* MagicKit */ = {
			isa = XCSwiftPackageProductDependency;
			package = F5826C842F35731C0079B285 /* XCRemoteSwiftPackageReference "MagicKit" */;
			productName = MagicKit;
		};
/* End XCSwiftPackageProductDependency section */
	};
	rootObject = F54F8C762F1A3B6500AABB2A /* Project object */;
}
