{
  "originHash" : "9be39564b6797ae79600849cbe611848f1561f853ca66deb804c83c169287034",
  "pins" : [
    {
      "identity" : "libgit2swift",
      "kind" : "remoteSourceControl",
      "location" : "https://github.com/nookery/Libgit2swift",
      "state" : {
        "branch" : "main",
        "revision" : "d7a6fa955463bc517a65c0cf146328eff9da8098"
      }
    },
    {
      "identity" : "magiclog",
      "kind" : "remoteSourceControl",
      "location" : "https://github.com/nookery/MagicLog.git",
      "state" : {
        "branch" : "main",
        "revision" : "f3680135b72e6c2158d21fba5769f17ba77798e5"
      }
    }
  ],
  "version" : 3
}
